// !$*UTF8*$!
{
	archiveVersion = 1;
	classes = {
	};
	objectVersion = 50;
	objects = {

/* Begin PBXBuildFile section */
		B23CB706231D261C00E193D7 /* AppDelegate.swift in Sources */ = {isa = PBXBuildFile; fileRef = B23CB705231D261C00E193D7 /* AppDelegate.swift */; };
		B23CB708231D261C00E193D7 /* ViewController.swift in Sources */ = {isa = PBXBuildFile; fileRef = B23CB707231D261C00E193D7 /* ViewController.swift */; };
		B23CB70B231D261C00E193D7 /* Main.storyboard in Resources */ = {isa = PBXBuildFile; fileRef = B23CB709231D261C00E193D7 /* Main.storyboard */; };
		B23CB70D231D261D00E193D7 /* Assets.xcassets in Resources */ = {isa = PBXBuildFile; fileRef = B23CB70C231D261D00E193D7 /* Assets.xcassets */; };
		B23CB710231D261D00E193D7 /* LaunchScreen.storyboard in Resources */ = {isa = PBXBuildFile; fileRef = B23CB70E231D261D00E193D7 /* LaunchScreen.storyboard */; };
		B23CB71B231D261D00E193D7 /* _38__Counting_Bits_______Tests.swift in Sources */ = {isa = PBXBuildFile; fileRef = B23CB71A231D261D00E193D7 /* _38__Counting_Bits_______Tests.swift */; };
		B23CB726231D261D00E193D7 /* _38__Counting_Bits_______UITests.swift in Sources */ = {isa = PBXBuildFile; fileRef = B23CB725231D261D00E193D7 /* _38__Counting_Bits_______UITests.swift */; };
/* End PBXBuildFile section */

/* Begin PBXContainerItemProxy section */
		B23CB717231D261D00E193D7 /* PBXContainerItemProxy */ = {
			isa = PBXContainerItemProxy;
			containerPortal = B23CB6FA231D261B00E193D7 /* Project object */;
			proxyType = 1;
			remoteGlobalIDString = B23CB701231D261C00E193D7;
			remoteInfo = "338. Counting Bits(比特位计数)";
		};
		B23CB722231D261D00E193D7 /* PBXContainerItemProxy */ = {
			isa = PBXContainerItemProxy;
			containerPortal = B23CB6FA231D261B00E193D7 /* Project object */;
			proxyType = 1;
			remoteGlobalIDString = B23CB701231D261C00E193D7;
			remoteInfo = "338. Counting Bits(比特位计数)";
		};
/* End PBXContainerItemProxy section */

/* Begin PBXFileReference section */
		B23CB702231D261C00E193D7 /* 338. Counting Bits(比特位计数).app */ = {isa = PBXFileReference; explicitFileType = wrapper.application; includeInIndex = 0; path = "338. Counting Bits(比特位计数).app"; sourceTree = BUILT_PRODUCTS_DIR; };
		B23CB705231D261C00E193D7 /* AppDelegate.swift */ = {isa = PBXFileReference; lastKnownFileType = sourcecode.swift; path = AppDelegate.swift; sourceTree = "<group>"; };
		B23CB707231D261C00E193D7 /* ViewController.swift */ = {isa = PBXFileReference; lastKnownFileType = sourcecode.swift; path = ViewController.swift; sourceTree = "<group>"; };
		B23CB70A231D261C00E193D7 /* Base */ = {isa = PBXFileReference; lastKnownFileType = file.storyboard; name = Base; path = Base.lproj/Main.storyboard; sourceTree = "<group>"; };
		B23CB70C231D261D00E193D7 /* Assets.xcassets */ = {isa = PBXFileReference; lastKnownFileType = folder.assetcatalog; path = Assets.xcassets; sourceTree = "<group>"; };
		B23CB70F231D261D00E193D7 /* Base */ = {isa = PBXFileReference; lastKnownFileType = file.storyboard; name = Base; path = Base.lproj/LaunchScreen.storyboard; sourceTree = "<group>"; };
		B23CB711231D261D00E193D7 /* Info.plist */ = {isa = PBXFileReference; lastKnownFileType = text.plist.xml; path = Info.plist; sourceTree = "<group>"; };
		B23CB716231D261D00E193D7 /* 338. Counting Bits(比特位计数)Tests.xctest */ = {isa = PBXFileReference; explicitFileType = wrapper.cfbundle; includeInIndex = 0; path = "338. Counting Bits(比特位计数)Tests.xctest"; sourceTree = BUILT_PRODUCTS_DIR; };
		B23CB71A231D261D00E193D7 /* _38__Counting_Bits_______Tests.swift */ = {isa = PBXFileReference; lastKnownFileType = sourcecode.swift; path = "_38__Counting_Bits_______Tests.swift"; sourceTree = "<group>"; };
		B23CB71C231D261D00E193D7 /* Info.plist */ = {isa = PBXFileReference; lastKnownFileType = text.plist.xml; path = Info.plist; sourceTree = "<group>"; };
		B23CB721231D261D00E193D7 /* 338. Counting Bits(比特位计数)UITests.xctest */ = {isa = PBXFileReference; explicitFileType = wrapper.cfbundle; includeInIndex = 0; path = "338. Counting Bits(比特位计数)UITests.xctest"; sourceTree = BUILT_PRODUCTS_DIR; };
		B23CB725231D261D00E193D7 /* _38__Counting_Bits_______UITests.swift */ = {isa = PBXFileReference; lastKnownFileType = sourcecode.swift; path = "_38__Counting_Bits_______UITests.swift"; sourceTree = "<group>"; };
		B23CB727231D261D00E193D7 /* Info.plist */ = {isa = PBXFileReference; lastKnownFileType = text.plist.xml; path = Info.plist; sourceTree = "<group>"; };
/* End PBXFileReference section */

/* Begin PBXFrameworksBuildPhase section */
		B23CB6FF231D261C00E193D7 /* Frameworks */ = {
			isa = PBXFrameworksBuildPhase;
			buildActionMask = 2147483647;
			files = (
			);
			runOnlyForDeploymentPostprocessing = 0;
		};
		B23CB713231D261D00E193D7 /* Frameworks */ = {
			isa = PBXFrameworksBuildPhase;
			buildActionMask = 2147483647;
			files = (
			);
			runOnlyForDeploymentPostprocessing = 0;
		};
		B23CB71E231D261D00E193D7 /* Frameworks */ = {
			isa = PBXFrameworksBuildPhase;
			buildActionMask = 2147483647;
			files = (
			);
			runOnlyForDeploymentPostprocessing = 0;
		};
/* End PBXFrameworksBuildPhase section */

/* Begin PBXGroup section */
		B23CB6F9231D261B00E193D7 = {
			isa = PBXGroup;
			children = (
				B23CB704231D261C00E193D7 /* 338. Counting Bits(比特位计数) */,
				B23CB719231D261D00E193D7 /* 338. Counting Bits(比特位计数)Tests */,
				B23CB724231D261D00E193D7 /* 338. Counting Bits(比特位计数)UITests */,
				B23CB703231D261C00E193D7 /* Products */,
			);
			sourceTree = "<group>";
		};
		B23CB703231D261C00E193D7 /* Products */ = {
			isa = PBXGroup;
			children = (
				B23CB702231D261C00E193D7 /* 338. Counting Bits(比特位计数).app */,
				B23CB716231D261D00E193D7 /* 338. Counting Bits(比特位计数)Tests.xctest */,
				B23CB721231D261D00E193D7 /* 338. Counting Bits(比特位计数)UITests.xctest */,
			);
			name = Products;
			sourceTree = "<group>";
		};
		B23CB704231D261C00E193D7 /* 338. Counting Bits(比特位计数) */ = {
			isa = PBXGroup;
			children = (
				B23CB705231D261C00E193D7 /* AppDelegate.swift */,
				B23CB707231D261C00E193D7 /* ViewController.swift */,
				B23CB709231D261C00E193D7 /* Main.storyboard */,
				B23CB70C231D261D00E193D7 /* Assets.xcassets */,
				B23CB70E231D261D00E193D7 /* LaunchScreen.storyboard */,
				B23CB711231D261D00E193D7 /* Info.plist */,
			);
			path = "338. Counting Bits(比特位计数)";
			sourceTree = "<group>";
		};
		B23CB719231D261D00E193D7 /* 338. Counting Bits(比特位计数)Tests */ = {
			isa = PBXGroup;
			children = (
				B23CB71A231D261D00E193D7 /* _38__Counting_Bits_______Tests.swift */,
				B23CB71C231D261D00E193D7 /* Info.plist */,
			);
			path = "338. Counting Bits(比特位计数)Tests";
			sourceTree = "<group>";
		};
		B23CB724231D261D00E193D7 /* 338. Counting Bits(比特位计数)UITests */ = {
			isa = PBXGroup;
			children = (
				B23CB725231D261D00E193D7 /* _38__Counting_Bits_______UITests.swift */,
				B23CB727231D261D00E193D7 /* Info.plist */,
			);
			path = "338. Counting Bits(比特位计数)UITests";
			sourceTree = "<group>";
		};
/* End PBXGroup section */

/* Begin PBXNativeTarget section */
		B23CB701231D261C00E193D7 /* 338. Counting Bits(比特位计数) */ = {
			isa = PBXNativeTarget;
			buildConfigurationList = B23CB72A231D261D00E193D7 /* Build configuration list for PBXNativeTarget "338. Counting Bits(比特位计数)" */;
			buildPhases = (
				B23CB6FE231D261C00E193D7 /* Sources */,
				B23CB6FF231D261C00E193D7 /* Frameworks */,
				B23CB700231D261C00E193D7 /* Resources */,
			);
			buildRules = (
			);
			dependencies = (
			);
			name = "338. Counting Bits(比特位计数)";
			productName = "338. Counting Bits(比特位计数)";
			productReference = B23CB702231D261C00E193D7 /* 338. Counting Bits(比特位计数).app */;
			productType = "com.apple.product-type.application";
		};
		B23CB715231D261D00E193D7 /* 338. Counting Bits(比特位计数)Tests */ = {
			isa = PBXNativeTarget;
			buildConfigurationList = B23CB72D231D261D00E193D7 /* Build configuration list for PBXNativeTarget "338. Counting Bits(比特位计数)Tests" */;
			buildPhases = (
				B23CB712231D261D00E193D7 /* Sources */,
				B23CB713231D261D00E193D7 /* Frameworks */,
				B23CB714231D261D00E193D7 /* Resources */,
			);
			buildRules = (
			);
			dependencies = (
				B23CB718231D261D00E193D7 /* PBXTargetDependency */,
			);
			name = "338. Counting Bits(比特位计数)Tests";
			productName = "338. Counting Bits(比特位计数)Tests";
			productReference = B23CB716231D261D00E193D7 /* 338. Counting Bits(比特位计数)Tests.xctest */;
			productType = "com.apple.product-type.bundle.unit-test";
		};
		B23CB720231D261D00E193D7 /* 338. Counting Bits(比特位计数)UITests */ = {
			isa = PBXNativeTarget;
			buildConfigurationList = B23CB730231D261D00E193D7 /* Build configuration list for PBXNativeTarget "338. Counting Bits(比特位计数)UITests" */;
			buildPhases = (
				B23CB71D231D261D00E193D7 /* Sources */,
				B23CB71E231D261D00E193D7 /* Frameworks */,
				B23CB71F231D261D00E193D7 /* Resources */,
			);
			buildRules = (
			);
			dependencies = (
				B23CB723231D261D00E193D7 /* PBXTargetDependency */,
			);
			name = "338. Counting Bits(比特位计数)UITests";
			productName = "338. Counting Bits(比特位计数)UITests";
			productReference = B23CB721231D261D00E193D7 /* 338. Counting Bits(比特位计数)UITests.xctest */;
			productType = "com.apple.product-type.bundle.ui-testing";
		};
/* End PBXNativeTarget section */

/* Begin PBXProject section */
		B23CB6FA231D261B00E193D7 /* Project object */ = {
			isa = PBXProject;
			attributes = {
				LastSwiftUpdateCheck = 1030;
				LastUpgradeCheck = 1030;
				ORGANIZATIONNAME = yFeii;
				TargetAttributes = {
					B23CB701231D261C00E193D7 = {
						CreatedOnToolsVersion = 10.3;
					};
					B23CB715231D261D00E193D7 = {
						CreatedOnToolsVersion = 10.3;
						TestTargetID = B23CB701231D261C00E193D7;
					};
					B23CB720231D261D00E193D7 = {
						CreatedOnToolsVersion = 10.3;
						TestTargetID = B23CB701231D261C00E193D7;
					};
				};
			};
			buildConfigurationList = B23CB6FD231D261B00E193D7 /* Build configuration list for PBXProject "338. Counting Bits(比特位计数)" */;
			compatibilityVersion = "Xcode 9.3";
			developmentRegion = en;
			hasScannedForEncodings = 0;
			knownRegions = (
				en,
				Base,
			);
			mainGroup = B23CB6F9231D261B00E193D7;
			productRefGroup = B23CB703231D261C00E193D7 /* Products */;
			projectDirPath = "";
			projectRoot = "";
			targets = (
				B23CB701231D261C00E193D7 /* 338. Counting Bits(比特位计数) */,
				B23CB715231D261D00E193D7 /* 338. Counting Bits(比特位计数)Tests */,
				B23CB720231D261D00E193D7 /* 338. Counting Bits(比特位计数)UITests */,
			);
		};
/* End PBXProject section */

/* Begin PBXResourcesBuildPhase section */
		B23CB700231D261C00E193D7 /* Resources */ = {
			isa = PBXResourcesBuildPhase;
			buildActionMask = 2147483647;
			files = (
				B23CB710231D261D00E193D7 /* LaunchScreen.storyboard in Resources */,
				B23CB70D231D261D00E193D7 /* Assets.xcassets in Resources */,
				B23CB70B231D261C00E193D7 /* Main.storyboard in Resources */,
			);
			runOnlyForDeploymentPostprocessing = 0;
		};
		B23CB714231D261D00E193D7 /* Resources */ = {
			isa = PBXResourcesBuildPhase;
			buildActionMask = 2147483647;
			files = (
			);
			runOnlyForDeploymentPostprocessing = 0;
		};
		B23CB71F231D261D00E193D7 /* Resources */ = {
			isa = PBXResourcesBuildPhase;
			buildActionMask = 2147483647;
			files = (
			);
			runOnlyForDeploymentPostprocessing = 0;
		};
/* End PBXResourcesBuildPhase section */

/* Begin PBXSourcesBuildPhase section */
		B23CB6FE231D261C00E193D7 /* Sources */ = {
			isa = PBXSourcesBuildPhase;
			buildActionMask = 2147483647;
			files = (
				B23CB708231D261C00E193D7 /* ViewController.swift in Sources */,
				B23CB706231D261C00E193D7 /* AppDelegate.swift in Sources */,
			);
			runOnlyForDeploymentPostprocessing = 0;
		};
		B23CB712231D261D00E193D7 /* Sources */ = {
			isa = PBXSourcesBuildPhase;
			buildActionMask = 2147483647;
			files = (
				B23CB71B231D261D00E193D7 /* _38__Counting_Bits_______Tests.swift in Sources */,
			);
			runOnlyForDeploymentPostprocessing = 0;
		};
		B23CB71D231D261D00E193D7 /* Sources */ = {
			isa = PBXSourcesBuildPhase;
			buildActionMask = 2147483647;
			files = (
				B23CB726231D261D00E193D7 /* _38__Counting_Bits_______UITests.swift in Sources */,
			);
			runOnlyForDeploymentPostprocessing = 0;
		};
/* End PBXSourcesBuildPhase section */

/* Begin PBXTargetDependency section */
		B23CB718231D261D00E193D7 /* PBXTargetDependency */ = {
			isa = PBXTargetDependency;
			target = B23CB701231D261C00E193D7 /* 338. Counting Bits(比特位计数) */;
			targetProxy = B23CB717231D261D00E193D7 /* PBXContainerItemProxy */;
		};
		B23CB723231D261D00E193D7 /* PBXTargetDependency */ = {
			isa = PBXTargetDependency;
			target = B23CB701231D261C00E193D7 /* 338. Counting Bits(比特位计数) */;
			targetProxy = B23CB722231D261D00E193D7 /* PBXContainerItemProxy */;
		};
/* End PBXTargetDependency section */

/* Begin PBXVariantGroup section */
		B23CB709231D261C00E193D7 /* Main.storyboard */ = {
			isa = PBXVariantGroup;
			children = (
				B23CB70A231D261C00E193D7 /* Base */,
			);
			name = Main.storyboard;
			sourceTree = "<group>";
		};
		B23CB70E231D261D00E193D7 /* LaunchScreen.storyboard */ = {
			isa = PBXVariantGroup;
			children = (
				B23CB70F231D261D00E193D7 /* Base */,
			);
			name = LaunchScreen.storyboard;
			sourceTree = "<group>";
		};
/* End PBXVariantGroup section */

/* Begin XCBuildConfiguration section */
		B23CB728231D261D00E193D7 /* Debug */ = {
			isa = XCBuildConfiguration;
			buildSettings = {
				ALWAYS_SEARCH_USER_PATHS = NO;
				CLANG_ANALYZER_NONNULL = YES;
				CLANG_ANALYZER_NUMBER_OBJECT_CONVERSION = YES_AGGRESSIVE;
				CLANG_CXX_LANGUAGE_STANDARD = "gnu++14";
				CLANG_CXX_LIBRARY = "libc++";
				CLANG_ENABLE_MODULES = YES;
				CLANG_ENABLE_OBJC_ARC = YES;
				CLANG_ENABLE_OBJC_WEAK = YES;
				CLANG_WARN_BLOCK_CAPTURE_AUTORELEASING = YES;
				CLANG_WARN_BOOL_CONVERSION = YES;
				CLANG_WARN_COMMA = YES;
				CLANG_WARN_CONSTANT_CONVERSION = YES;
				CLANG_WARN_DEPRECATED_OBJC_IMPLEMENTATIONS = YES;
				CLANG_WARN_DIRECT_OBJC_ISA_USAGE = YES_ERROR;
				CLANG_WARN_DOCUMENTATION_COMMENTS = YES;
				CLANG_WARN_EMPTY_BODY = YES;
				CLANG_WARN_ENUM_CONVERSION = YES;
				CLANG_WARN_INFINITE_RECURSION = YES;
				CLANG_WARN_INT_CONVERSION = YES;
				CLANG_WARN_NON_LITERAL_NULL_CONVERSION = YES;
				CLANG_WARN_OBJC_IMPLICIT_RETAIN_SELF = YES;
				CLANG_WARN_OBJC_LITERAL_CONVERSION = YES;
				CLANG_WARN_OBJC_ROOT_CLASS = YES_ERROR;
				CLANG_WARN_RANGE_LOOP_ANALYSIS = YES;
				CLANG_WARN_STRICT_PROTOTYPES = YES;
				CLANG_WARN_SUSPICIOUS_MOVE = YES;
				CLANG_WARN_UNGUARDED_AVAILABILITY = YES_AGGRESSIVE;
				CLANG_WARN_UNREACHABLE_CODE = YES;
				CLANG_WARN__DUPLICATE_METHOD_MATCH = YES;
				CODE_SIGN_IDENTITY = "iPhone Developer";
				COPY_PHASE_STRIP = NO;
				DEBUG_INFORMATION_FORMAT = dwarf;
				ENABLE_STRICT_OBJC_MSGSEND = YES;
				ENABLE_TESTABILITY = YES;
				GCC_C_LANGUAGE_STANDARD = gnu11;
				GCC_DYNAMIC_NO_PIC = NO;
				GCC_NO_COMMON_BLOCKS = YES;
				GCC_OPTIMIZATION_LEVEL = 0;
				GCC_PREPROCESSOR_DEFINITIONS = (
					"DEBUG=1",
					"$(inherited)",
				);
				GCC_WARN_64_TO_32_BIT_CONVERSION = YES;
				GCC_WARN_ABOUT_RETURN_TYPE = YES_ERROR;
				GCC_WARN_UNDECLARED_SELECTOR = YES;
				GCC_WARN_UNINITIALIZED_AUTOS = YES_AGGRESSIVE;
				GCC_WARN_UNUSED_FUNCTION = YES;
				GCC_WARN_UNUSED_VARIABLE = YES;
				IPHONEOS_DEPLOYMENT_TARGET = 12.4;
				MTL_ENABLE_DEBUG_INFO = INCLUDE_SOURCE;
				MTL_FAST_MATH = YES;
				ONLY_ACTIVE_ARCH = YES;
				SDKROOT = iphoneos;
				SWIFT_ACTIVE_COMPILATION_CONDITIONS = DEBUG;
				SWIFT_OPTIMIZATION_LEVEL = "-Onone";
			};
			name = Debug;
		};
		B23CB729231D261D00E193D7 /* Release */ = {
			isa = XCBuildConfiguration;
			buildSettings = {
				ALWAYS_SEARCH_USER_PATHS = NO;
				CLANG_ANALYZER_NONNULL = YES;
				CLANG_ANALYZER_NUMBER_OBJECT_CONVERSION = YES_AGGRESSIVE;
				CLANG_CXX_LANGUAGE_STANDARD = "gnu++14";
				CLANG_CXX_LIBRARY = "libc++";
				CLANG_ENABLE_MODULES = YES;
				CLANG_ENABLE_OBJC_ARC = YES;
				CLANG_ENABLE_OBJC_WEAK = YES;
				CLANG_WARN_BLOCK_CAPTURE_AUTORELEASING = YES;
				CLANG_WARN_BOOL_CONVERSION = YES;
				CLANG_WARN_COMMA = YES;
				CLANG_WARN_CONSTANT_CONVERSION = YES;
				CLANG_WARN_DEPRECATED_OBJC_IMPLEMENTATIONS = YES;
				CLANG_WARN_DIRECT_OBJC_ISA_USAGE = YES_ERROR;
				CLANG_WARN_DOCUMENTATION_COMMENTS = YES;
				CLANG_WARN_EMPTY_BODY = YES;
				CLANG_WARN_ENUM_CONVERSION = YES;
				CLANG_WARN_INFINITE_RECURSION = YES;
				CLANG_WARN_INT_CONVERSION = YES;
				CLANG_WARN_NON_LITERAL_NULL_CONVERSION = YES;
				CLANG_WARN_OBJC_IMPLICIT_RETAIN_SELF = YES;
				CLANG_WARN_OBJC_LITERAL_CONVERSION = YES;
				CLANG_WARN_OBJC_ROOT_CLASS = YES_ERROR;
				CLANG_WARN_RANGE_LOOP_ANALYSIS = YES;
				CLANG_WARN_STRICT_PROTOTYPES = YES;
				CLANG_WARN_SUSPICIOUS_MOVE = YES;
				CLANG_WARN_UNGUARDED_AVAILABILITY = YES_AGGRESSIVE;
				CLANG_WARN_UNREACHABLE_CODE = YES;
				CLANG_WARN__DUPLICATE_METHOD_MATCH = YES;
				CODE_SIGN_IDENTITY = "iPhone Developer";
				COPY_PHASE_STRIP = NO;
				DEBUG_INFORMATION_FORMAT = "dwarf-with-dsym";
				ENABLE_NS_ASSERTIONS = NO;
				ENABLE_STRICT_OBJC_MSGSEND = YES;
				GCC_C_LANGUAGE_STANDARD = gnu11;
				GCC_NO_COMMON_BLOCKS = YES;
				GCC_WARN_64_TO_32_BIT_CONVERSION = YES;
				GCC_WARN_ABOUT_RETURN_TYPE = YES_ERROR;
				GCC_WARN_UNDECLARED_SELECTOR = YES;
				GCC_WARN_UNINITIALIZED_AUTOS = YES_AGGRESSIVE;
				GCC_WARN_UNUSED_FUNCTION = YES;
				GCC_WARN_UNUSED_VARIABLE = YES;
				IPHONEOS_DEPLOYMENT_TARGET = 12.4;
				MTL_ENABLE_DEBUG_INFO = NO;
				MTL_FAST_MATH = YES;
				SDKROOT = iphoneos;
				SWIFT_COMPILATION_MODE = wholemodule;
				SWIFT_OPTIMIZATION_LEVEL = "-O";
				VALIDATE_PRODUCT = YES;
			};
			name = Release;
		};
		B23CB72B231D261D00E193D7 /* Debug */ = {
			isa = XCBuildConfiguration;
			buildSettings = {
				ASSETCATALOG_COMPILER_APPICON_NAME = AppIcon;
				CODE_SIGN_STYLE = Automatic;
				DEVELOPMENT_TEAM = Z96QWWAV3E;
				INFOPLIST_FILE = "338. Counting Bits(比特位计数)/Info.plist";
				IPHONEOS_DEPLOYMENT_TARGET = 11.3;
				LD_RUNPATH_SEARCH_PATHS = (
					"$(inherited)",
					"@executable_path/Frameworks",
				);
				PRODUCT_BUNDLE_IDENTIFIER = "UI.-38--Counting-Bits-------";
				PRODUCT_NAME = "$(TARGET_NAME)";
				SWIFT_VERSION = 5.0;
				TARGETED_DEVICE_FAMILY = "1,2";
			};
			name = Debug;
		};
		B23CB72C231D261D00E193D7 /* Release */ = {
			isa = XCBuildConfiguration;
			buildSettings = {
				ASSETCATALOG_COMPILER_APPICON_NAME = AppIcon;
				CODE_SIGN_STYLE = Automatic;
				DEVELOPMENT_TEAM = Z96QWWAV3E;
				INFOPLIST_FILE = "338. Counting Bits(比特位计数)/Info.plist";
				IPHONEOS_DEPLOYMENT_TARGET = 11.3;
				LD_RUNPATH_SEARCH_PATHS = (
					"$(inherited)",
					"@executable_path/Frameworks",
				);
				PRODUCT_BUNDLE_IDENTIFIER = "UI.-38--Counting-Bits-------";
				PRODUCT_NAME = "$(TARGET_NAME)";
				SWIFT_VERSION = 5.0;
				TARGETED_DEVICE_FAMILY = "1,2";
			};
			name = Release;
		};
		B23CB72E231D261D00E193D7 /* Debug */ = {
			isa = XCBuildConfiguration;
			buildSettings = {
				ALWAYS_EMBED_SWIFT_STANDARD_LIBRARIES = YES;
				BUNDLE_LOADER = "$(TEST_HOST)";
				CODE_SIGN_STYLE = Automatic;
				DEVELOPMENT_TEAM = Z96QWWAV3E;
				INFOPLIST_FILE = "338. Counting Bits(比特位计数)Tests/Info.plist";
				LD_RUNPATH_SEARCH_PATHS = (
					"$(inherited)",
					"@executable_path/Frameworks",
					"@loader_path/Frameworks",
				);
				PRODUCT_BUNDLE_IDENTIFIER = "UI.-38--Counting-Bits-------Tests";
				PRODUCT_NAME = "$(TARGET_NAME)";
				SWIFT_VERSION = 5.0;
				TARGETED_DEVICE_FAMILY = "1,2";
				TEST_HOST = "$(BUILT_PRODUCTS_DIR)/338. Counting Bits(比特位计数).app/338. Counting Bits(比特位计数)";
			};
			name = Debug;
		};
		B23CB72F231D261D00E193D7 /* Release */ = {
			isa = XCBuildConfiguration;
			buildSettings = {
				ALWAYS_EMBED_SWIFT_STANDARD_LIBRARIES = YES;
				BUNDLE_LOADER = "$(TEST_HOST)";
				CODE_SIGN_STYLE = Automatic;
				DEVELOPMENT_TEAM = Z96QWWAV3E;
				INFOPLIST_FILE = "338. Counting Bits(比特位计数)Tests/Info.plist";
				LD_RUNPATH_SEARCH_PATHS = (
					"$(inherited)",
					"@executable_path/Frameworks",
					"@loader_path/Frameworks",
				);
				PRODUCT_BUNDLE_IDENTIFIER = "UI.-38--Counting-Bits-------Tests";
				PRODUCT_NAME = "$(TARGET_NAME)";
				SWIFT_VERSION = 5.0;
				TARGETED_DEVICE_FAMILY = "1,2";
				TEST_HOST = "$(BUILT_PRODUCTS_DIR)/338. Counting Bits(比特位计数).app/338. Counting Bits(比特位计数)";
			};
			name = Release;
		};
		B23CB731231D261D00E193D7 /* Debug */ = {
			isa = XCBuildConfiguration;
			buildSettings = {
				ALWAYS_EMBED_SWIFT_STANDARD_LIBRARIES = YES;
				CODE_SIGN_STYLE = Automatic;
				DEVELOPMENT_TEAM = Z96QWWAV3E;
				INFOPLIST_FILE = "338. Counting Bits(比特位计数)UITests/Info.plist";
				LD_RUNPATH_SEARCH_PATHS = (
					"$(inherited)",
					"@executable_path/Frameworks",
					"@loader_path/Frameworks",
				);
				PRODUCT_BUNDLE_IDENTIFIER = "UI.-38--Counting-Bits-------UITests";
				PRODUCT_NAME = "$(TARGET_NAME)";
				SWIFT_VERSION = 5.0;
				TARGETED_DEVICE_FAMILY = "1,2";
				TEST_TARGET_NAME = "338. Counting Bits(比特位计数)";
			};
			name = Debug;
		};
		B23CB732231D261D00E193D7 /* Release */ = {
			isa = XCBuildConfiguration;
			buildSettings = {
				ALWAYS_EMBED_SWIFT_STANDARD_LIBRARIES = YES;
				CODE_SIGN_STYLE = Automatic;
				DEVELOPMENT_TEAM = Z96QWWAV3E;
				INFOPLIST_FILE = "338. Counting Bits(比特位计数)UITests/Info.plist";
				LD_RUNPATH_SEARCH_PATHS = (
					"$(inherited)",
					"@executable_path/Frameworks",
					"@loader_path/Frameworks",
				);
				PRODUCT_BUNDLE_IDENTIFIER = "UI.-38--Counting-Bits-------UITests";
				PRODUCT_NAME = "$(TARGET_NAME)";
				SWIFT_VERSION = 5.0;
				TARGETED_DEVICE_FAMILY = "1,2";
				TEST_TARGET_NAME = "338. Counting Bits(比特位计数)";
			};
			name = Release;
		};
/* End XCBuildConfiguration section */

/* Begin XCConfigurationList section */
		B23CB6FD231D261B00E193D7 /* Build configuration list for PBXProject "338. Counting Bits(比特位计数)" */ = {
			isa = XCConfigurationList;
			buildConfigurations = (
				B23CB728231D261D00E193D7 /* Debug */,
				B23CB729231D261D00E193D7 /* Release */,
			);
			defaultConfigurationIsVisible = 0;
			defaultConfigurationName = Release;
		};
		B23CB72A231D261D00E193D7 /* Build configuration list for PBXNativeTarget "338. Counting Bits(比特位计数)" */ = {
			isa = XCConfigurationList;
			buildConfigurations = (
				B23CB72B231D261D00E193D7 /* Debug */,
				B23CB72C231D261D00E193D7 /* Release */,
			);
			defaultConfigurationIsVisible = 0;
			defaultConfigurationName = Release;
		};
		B23CB72D231D261D00E193D7 /* Build configuration list for PBXNativeTarget "338. Counting Bits(比特位计数)Tests" */ = {
			isa = XCConfigurationList;
			buildConfigurations = (
				B23CB72E231D261D00E193D7 /* Debug */,
				B23CB72F231D261D00E193D7 /* Release */,
			);
			defaultConfigurationIsVisible = 0;
			defaultConfigurationName = Release;
		};
		B23CB730231D261D00E193D7 /* Build configuration list for PBXNativeTarget "338. Counting Bits(比特位计数)UITests" */ = {
			isa = XCConfigurationList;
			buildConfigurations = (
				B23CB731231D261D00E193D7 /* Debug */,
				B23CB732231D261D00E193D7 /* Release */,
			);
			defaultConfigurationIsVisible = 0;
			defaultConfigurationName = Release;
		};
/* End XCConfigurationList section */
	};
	rootObject = B23CB6FA231D261B00E193D7 /* Project object */;
}
