// !$*UTF8*$!
{
	archiveVersion = 1;
	classes = {
	};
	objectVersion = 50;
	objects = {

/* Begin PBXBuildFile section */
		B238D47B2314B316000E999E /* AppDelegate.swift in Sources */ = {isa = PBXBuildFile; fileRef = B238D47A2314B316000E999E /* AppDelegate.swift */; };
		B238D47D2314B316000E999E /* ViewController.swift in Sources */ = {isa = PBXBuildFile; fileRef = B238D47C2314B316000E999E /* ViewController.swift */; };
		B238D4802314B316000E999E /* Main.storyboard in Resources */ = {isa = PBXBuildFile; fileRef = B238D47E2314B316000E999E /* Main.storyboard */; };
		B238D4822314B318000E999E /* Assets.xcassets in Resources */ = {isa = PBXBuildFile; fileRef = B238D4812314B318000E999E /* Assets.xcassets */; };
		B238D4852314B318000E999E /* LaunchScreen.storyboard in Resources */ = {isa = PBXBuildFile; fileRef = B238D4832314B318000E999E /* LaunchScreen.storyboard */; };
		B238D4902314B318000E999E /* _00__Longest_Increasing_Subsequence_________Tests.swift in Sources */ = {isa = PBXBuildFile; fileRef = B238D48F2314B318000E999E /* _00__Longest_Increasing_Subsequence_________Tests.swift */; };
		B238D49B2314B318000E999E /* _00__Longest_Increasing_Subsequence_________UITests.swift in Sources */ = {isa = PBXBuildFile; fileRef = B238D49A2314B318000E999E /* _00__Longest_Increasing_Subsequence_________UITests.swift */; };
/* End PBXBuildFile section */

/* Begin PBXContainerItemProxy section */
		B238D48C2314B318000E999E /* PBXContainerItemProxy */ = {
			isa = PBXContainerItemProxy;
			containerPortal = B238D46F2314B316000E999E /* Project object */;
			proxyType = 1;
			remoteGlobalIDString = B238D4762314B316000E999E;
			remoteInfo = "300. Longest Increasing Subsequence(最长上升子序列)";
		};
		B238D4972314B318000E999E /* PBXContainerItemProxy */ = {
			isa = PBXContainerItemProxy;
			containerPortal = B238D46F2314B316000E999E /* Project object */;
			proxyType = 1;
			remoteGlobalIDString = B238D4762314B316000E999E;
			remoteInfo = "300. Longest Increasing Subsequence(最长上升子序列)";
		};
/* End PBXContainerItemProxy section */

/* Begin PBXFileReference section */
		B238D4772314B316000E999E /* 300. Longest Increasing Subsequence(最长上升子序列).app */ = {isa = PBXFileReference; explicitFileType = wrapper.application; includeInIndex = 0; path = "300. Longest Increasing Subsequence(最长上升子序列).app"; sourceTree = BUILT_PRODUCTS_DIR; };
		B238D47A2314B316000E999E /* AppDelegate.swift */ = {isa = PBXFileReference; lastKnownFileType = sourcecode.swift; path = AppDelegate.swift; sourceTree = "<group>"; };
		B238D47C2314B316000E999E /* ViewController.swift */ = {isa = PBXFileReference; lastKnownFileType = sourcecode.swift; path = ViewController.swift; sourceTree = "<group>"; };
		B238D47F2314B316000E999E /* Base */ = {isa = PBXFileReference; lastKnownFileType = file.storyboard; name = Base; path = Base.lproj/Main.storyboard; sourceTree = "<group>"; };
		B238D4812314B318000E999E /* Assets.xcassets */ = {isa = PBXFileReference; lastKnownFileType = folder.assetcatalog; path = Assets.xcassets; sourceTree = "<group>"; };
		B238D4842314B318000E999E /* Base */ = {isa = PBXFileReference; lastKnownFileType = file.storyboard; name = Base; path = Base.lproj/LaunchScreen.storyboard; sourceTree = "<group>"; };
		B238D4862314B318000E999E /* Info.plist */ = {isa = PBXFileReference; lastKnownFileType = text.plist.xml; path = Info.plist; sourceTree = "<group>"; };
		B238D48B2314B318000E999E /* 300. Longest Increasing Subsequence(最长上升子序列)Tests.xctest */ = {isa = PBXFileReference; explicitFileType = wrapper.cfbundle; includeInIndex = 0; path = "300. Longest Increasing Subsequence(最长上升子序列)Tests.xctest"; sourceTree = BUILT_PRODUCTS_DIR; };
		B238D48F2314B318000E999E /* _00__Longest_Increasing_Subsequence_________Tests.swift */ = {isa = PBXFileReference; lastKnownFileType = sourcecode.swift; path = "_00__Longest_Increasing_Subsequence_________Tests.swift"; sourceTree = "<group>"; };
		B238D4912314B318000E999E /* Info.plist */ = {isa = PBXFileReference; lastKnownFileType = text.plist.xml; path = Info.plist; sourceTree = "<group>"; };
		B238D4962314B318000E999E /* 300. Longest Increasing Subsequence(最长上升子序列)UITests.xctest */ = {isa = PBXFileReference; explicitFileType = wrapper.cfbundle; includeInIndex = 0; path = "300. Longest Increasing Subsequence(最长上升子序列)UITests.xctest"; sourceTree = BUILT_PRODUCTS_DIR; };
		B238D49A2314B318000E999E /* _00__Longest_Increasing_Subsequence_________UITests.swift */ = {isa = PBXFileReference; lastKnownFileType = sourcecode.swift; path = "_00__Longest_Increasing_Subsequence_________UITests.swift"; sourceTree = "<group>"; };
		B238D49C2314B318000E999E /* Info.plist */ = {isa = PBXFileReference; lastKnownFileType = text.plist.xml; path = Info.plist; sourceTree = "<group>"; };
/* End PBXFileReference section */

/* Begin PBXFrameworksBuildPhase section */
		B238D4742314B316000E999E /* Frameworks */ = {
			isa = PBXFrameworksBuildPhase;
			buildActionMask = 2147483647;
			files = (
			);
			runOnlyForDeploymentPostprocessing = 0;
		};
		B238D4882314B318000E999E /* Frameworks */ = {
			isa = PBXFrameworksBuildPhase;
			buildActionMask = 2147483647;
			files = (
			);
			runOnlyForDeploymentPostprocessing = 0;
		};
		B238D4932314B318000E999E /* Frameworks */ = {
			isa = PBXFrameworksBuildPhase;
			buildActionMask = 2147483647;
			files = (
			);
			runOnlyForDeploymentPostprocessing = 0;
		};
/* End PBXFrameworksBuildPhase section */

/* Begin PBXGroup section */
		B238D46E2314B316000E999E = {
			isa = PBXGroup;
			children = (
				B238D4792314B316000E999E /* 300. Longest Increasing Subsequence(最长上升子序列) */,
				B238D48E2314B318000E999E /* 300. Longest Increasing Subsequence(最长上升子序列)Tests */,
				B238D4992314B318000E999E /* 300. Longest Increasing Subsequence(最长上升子序列)UITests */,
				B238D4782314B316000E999E /* Products */,
			);
			sourceTree = "<group>";
		};
		B238D4782314B316000E999E /* Products */ = {
			isa = PBXGroup;
			children = (
				B238D4772314B316000E999E /* 300. Longest Increasing Subsequence(最长上升子序列).app */,
				B238D48B2314B318000E999E /* 300. Longest Increasing Subsequence(最长上升子序列)Tests.xctest */,
				B238D4962314B318000E999E /* 300. Longest Increasing Subsequence(最长上升子序列)UITests.xctest */,
			);
			name = Products;
			sourceTree = "<group>";
		};
		B238D4792314B316000E999E /* 300. Longest Increasing Subsequence(最长上升子序列) */ = {
			isa = PBXGroup;
			children = (
				B238D47A2314B316000E999E /* AppDelegate.swift */,
				B238D47C2314B316000E999E /* ViewController.swift */,
				B238D47E2314B316000E999E /* Main.storyboard */,
				B238D4812314B318000E999E /* Assets.xcassets */,
				B238D4832314B318000E999E /* LaunchScreen.storyboard */,
				B238D4862314B318000E999E /* Info.plist */,
			);
			path = "300. Longest Increasing Subsequence(最长上升子序列)";
			sourceTree = "<group>";
		};
		B238D48E2314B318000E999E /* 300. Longest Increasing Subsequence(最长上升子序列)Tests */ = {
			isa = PBXGroup;
			children = (
				B238D48F2314B318000E999E /* _00__Longest_Increasing_Subsequence_________Tests.swift */,
				B238D4912314B318000E999E /* Info.plist */,
			);
			path = "300. Longest Increasing Subsequence(最长上升子序列)Tests";
			sourceTree = "<group>";
		};
		B238D4992314B318000E999E /* 300. Longest Increasing Subsequence(最长上升子序列)UITests */ = {
			isa = PBXGroup;
			children = (
				B238D49A2314B318000E999E /* _00__Longest_Increasing_Subsequence_________UITests.swift */,
				B238D49C2314B318000E999E /* Info.plist */,
			);
			path = "300. Longest Increasing Subsequence(最长上升子序列)UITests";
			sourceTree = "<group>";
		};
/* End PBXGroup section */

/* Begin PBXNativeTarget section */
		B238D4762314B316000E999E /* 300. Longest Increasing Subsequence(最长上升子序列) */ = {
			isa = PBXNativeTarget;
			buildConfigurationList = B238D49F2314B318000E999E /* Build configuration list for PBXNativeTarget "300. Longest Increasing Subsequence(最长上升子序列)" */;
			buildPhases = (
				B238D4732314B316000E999E /* Sources */,
				B238D4742314B316000E999E /* Frameworks */,
				B238D4752314B316000E999E /* Resources */,
			);
			buildRules = (
			);
			dependencies = (
			);
			name = "300. Longest Increasing Subsequence(最长上升子序列)";
			productName = "300. Longest Increasing Subsequence(最长上升子序列)";
			productReference = B238D4772314B316000E999E /* 300. Longest Increasing Subsequence(最长上升子序列).app */;
			productType = "com.apple.product-type.application";
		};
		B238D48A2314B318000E999E /* 300. Longest Increasing Subsequence(最长上升子序列)Tests */ = {
			isa = PBXNativeTarget;
			buildConfigurationList = B238D4A22314B318000E999E /* Build configuration list for PBXNativeTarget "300. Longest Increasing Subsequence(最长上升子序列)Tests" */;
			buildPhases = (
				B238D4872314B318000E999E /* Sources */,
				B238D4882314B318000E999E /* Frameworks */,
				B238D4892314B318000E999E /* Resources */,
			);
			buildRules = (
			);
			dependencies = (
				B238D48D2314B318000E999E /* PBXTargetDependency */,
			);
			name = "300. Longest Increasing Subsequence(最长上升子序列)Tests";
			productName = "300. Longest Increasing Subsequence(最长上升子序列)Tests";
			productReference = B238D48B2314B318000E999E /* 300. Longest Increasing Subsequence(最长上升子序列)Tests.xctest */;
			productType = "com.apple.product-type.bundle.unit-test";
		};
		B238D4952314B318000E999E /* 300. Longest Increasing Subsequence(最长上升子序列)UITests */ = {
			isa = PBXNativeTarget;
			buildConfigurationList = B238D4A52314B318000E999E /* Build configuration list for PBXNativeTarget "300. Longest Increasing Subsequence(最长上升子序列)UITests" */;
			buildPhases = (
				B238D4922314B318000E999E /* Sources */,
				B238D4932314B318000E999E /* Frameworks */,
				B238D4942314B318000E999E /* Resources */,
			);
			buildRules = (
			);
			dependencies = (
				B238D4982314B318000E999E /* PBXTargetDependency */,
			);
			name = "300. Longest Increasing Subsequence(最长上升子序列)UITests";
			productName = "300. Longest Increasing Subsequence(最长上升子序列)UITests";
			productReference = B238D4962314B318000E999E /* 300. Longest Increasing Subsequence(最长上升子序列)UITests.xctest */;
			productType = "com.apple.product-type.bundle.ui-testing";
		};
/* End PBXNativeTarget section */

/* Begin PBXProject section */
		B238D46F2314B316000E999E /* Project object */ = {
			isa = PBXProject;
			attributes = {
				LastSwiftUpdateCheck = 1030;
				LastUpgradeCheck = 1030;
				ORGANIZATIONNAME = yFeii;
				TargetAttributes = {
					B238D4762314B316000E999E = {
						CreatedOnToolsVersion = 10.3;
					};
					B238D48A2314B318000E999E = {
						CreatedOnToolsVersion = 10.3;
						TestTargetID = B238D4762314B316000E999E;
					};
					B238D4952314B318000E999E = {
						CreatedOnToolsVersion = 10.3;
						TestTargetID = B238D4762314B316000E999E;
					};
				};
			};
			buildConfigurationList = B238D4722314B316000E999E /* Build configuration list for PBXProject "300. Longest Increasing Subsequence(最长上升子序列)" */;
			compatibilityVersion = "Xcode 9.3";
			developmentRegion = en;
			hasScannedForEncodings = 0;
			knownRegions = (
				en,
				Base,
			);
			mainGroup = B238D46E2314B316000E999E;
			productRefGroup = B238D4782314B316000E999E /* Products */;
			projectDirPath = "";
			projectRoot = "";
			targets = (
				B238D4762314B316000E999E /* 300. Longest Increasing Subsequence(最长上升子序列) */,
				B238D48A2314B318000E999E /* 300. Longest Increasing Subsequence(最长上升子序列)Tests */,
				B238D4952314B318000E999E /* 300. Longest Increasing Subsequence(最长上升子序列)UITests */,
			);
		};
/* End PBXProject section */

/* Begin PBXResourcesBuildPhase section */
		B238D4752314B316000E999E /* Resources */ = {
			isa = PBXResourcesBuildPhase;
			buildActionMask = 2147483647;
			files = (
				B238D4852314B318000E999E /* LaunchScreen.storyboard in Resources */,
				B238D4822314B318000E999E /* Assets.xcassets in Resources */,
				B238D4802314B316000E999E /* Main.storyboard in Resources */,
			);
			runOnlyForDeploymentPostprocessing = 0;
		};
		B238D4892314B318000E999E /* Resources */ = {
			isa = PBXResourcesBuildPhase;
			buildActionMask = 2147483647;
			files = (
			);
			runOnlyForDeploymentPostprocessing = 0;
		};
		B238D4942314B318000E999E /* Resources */ = {
			isa = PBXResourcesBuildPhase;
			buildActionMask = 2147483647;
			files = (
			);
			runOnlyForDeploymentPostprocessing = 0;
		};
/* End PBXResourcesBuildPhase section */

/* Begin PBXSourcesBuildPhase section */
		B238D4732314B316000E999E /* Sources */ = {
			isa = PBXSourcesBuildPhase;
			buildActionMask = 2147483647;
			files = (
				B238D47D2314B316000E999E /* ViewController.swift in Sources */,
				B238D47B2314B316000E999E /* AppDelegate.swift in Sources */,
			);
			runOnlyForDeploymentPostprocessing = 0;
		};
		B238D4872314B318000E999E /* Sources */ = {
			isa = PBXSourcesBuildPhase;
			buildActionMask = 2147483647;
			files = (
				B238D4902314B318000E999E /* _00__Longest_Increasing_Subsequence_________Tests.swift in Sources */,
			);
			runOnlyForDeploymentPostprocessing = 0;
		};
		B238D4922314B318000E999E /* Sources */ = {
			isa = PBXSourcesBuildPhase;
			buildActionMask = 2147483647;
			files = (
				B238D49B2314B318000E999E /* _00__Longest_Increasing_Subsequence_________UITests.swift in Sources */,
			);
			runOnlyForDeploymentPostprocessing = 0;
		};
/* End PBXSourcesBuildPhase section */

/* Begin PBXTargetDependency section */
		B238D48D2314B318000E999E /* PBXTargetDependency */ = {
			isa = PBXTargetDependency;
			target = B238D4762314B316000E999E /* 300. Longest Increasing Subsequence(最长上升子序列) */;
			targetProxy = B238D48C2314B318000E999E /* PBXContainerItemProxy */;
		};
		B238D4982314B318000E999E /* PBXTargetDependency */ = {
			isa = PBXTargetDependency;
			target = B238D4762314B316000E999E /* 300. Longest Increasing Subsequence(最长上升子序列) */;
			targetProxy = B238D4972314B318000E999E /* PBXContainerItemProxy */;
		};
/* End PBXTargetDependency section */

/* Begin PBXVariantGroup section */
		B238D47E2314B316000E999E /* Main.storyboard */ = {
			isa = PBXVariantGroup;
			children = (
				B238D47F2314B316000E999E /* Base */,
			);
			name = Main.storyboard;
			sourceTree = "<group>";
		};
		B238D4832314B318000E999E /* LaunchScreen.storyboard */ = {
			isa = PBXVariantGroup;
			children = (
				B238D4842314B318000E999E /* Base */,
			);
			name = LaunchScreen.storyboard;
			sourceTree = "<group>";
		};
/* End PBXVariantGroup section */

/* Begin XCBuildConfiguration section */
		B238D49D2314B318000E999E /* Debug */ = {
			isa = XCBuildConfiguration;
			buildSettings = {
				ALWAYS_SEARCH_USER_PATHS = NO;
				CLANG_ANALYZER_NONNULL = YES;
				CLANG_ANALYZER_NUMBER_OBJECT_CONVERSION = YES_AGGRESSIVE;
				CLANG_CXX_LANGUAGE_STANDARD = "gnu++14";
				CLANG_CXX_LIBRARY = "libc++";
				CLANG_ENABLE_MODULES = YES;
				CLANG_ENABLE_OBJC_ARC = YES;
				CLANG_ENABLE_OBJC_WEAK = YES;
				CLANG_WARN_BLOCK_CAPTURE_AUTORELEASING = YES;
				CLANG_WARN_BOOL_CONVERSION = YES;
				CLANG_WARN_COMMA = YES;
				CLANG_WARN_CONSTANT_CONVERSION = YES;
				CLANG_WARN_DEPRECATED_OBJC_IMPLEMENTATIONS = YES;
				CLANG_WARN_DIRECT_OBJC_ISA_USAGE = YES_ERROR;
				CLANG_WARN_DOCUMENTATION_COMMENTS = YES;
				CLANG_WARN_EMPTY_BODY = YES;
				CLANG_WARN_ENUM_CONVERSION = YES;
				CLANG_WARN_INFINITE_RECURSION = YES;
				CLANG_WARN_INT_CONVERSION = YES;
				CLANG_WARN_NON_LITERAL_NULL_CONVERSION = YES;
				CLANG_WARN_OBJC_IMPLICIT_RETAIN_SELF = YES;
				CLANG_WARN_OBJC_LITERAL_CONVERSION = YES;
				CLANG_WARN_OBJC_ROOT_CLASS = YES_ERROR;
				CLANG_WARN_RANGE_LOOP_ANALYSIS = YES;
				CLANG_WARN_STRICT_PROTOTYPES = YES;
				CLANG_WARN_SUSPICIOUS_MOVE = YES;
				CLANG_WARN_UNGUARDED_AVAILABILITY = YES_AGGRESSIVE;
				CLANG_WARN_UNREACHABLE_CODE = YES;
				CLANG_WARN__DUPLICATE_METHOD_MATCH = YES;
				CODE_SIGN_IDENTITY = "iPhone Developer";
				COPY_PHASE_STRIP = NO;
				DEBUG_INFORMATION_FORMAT = dwarf;
				ENABLE_STRICT_OBJC_MSGSEND = YES;
				ENABLE_TESTABILITY = YES;
				GCC_C_LANGUAGE_STANDARD = gnu11;
				GCC_DYNAMIC_NO_PIC = NO;
				GCC_NO_COMMON_BLOCKS = YES;
				GCC_OPTIMIZATION_LEVEL = 0;
				GCC_PREPROCESSOR_DEFINITIONS = (
					"DEBUG=1",
					"$(inherited)",
				);
				GCC_WARN_64_TO_32_BIT_CONVERSION = YES;
				GCC_WARN_ABOUT_RETURN_TYPE = YES_ERROR;
				GCC_WARN_UNDECLARED_SELECTOR = YES;
				GCC_WARN_UNINITIALIZED_AUTOS = YES_AGGRESSIVE;
				GCC_WARN_UNUSED_FUNCTION = YES;
				GCC_WARN_UNUSED_VARIABLE = YES;
				IPHONEOS_DEPLOYMENT_TARGET = 12.4;
				MTL_ENABLE_DEBUG_INFO = INCLUDE_SOURCE;
				MTL_FAST_MATH = YES;
				ONLY_ACTIVE_ARCH = YES;
				SDKROOT = iphoneos;
				SWIFT_ACTIVE_COMPILATION_CONDITIONS = DEBUG;
				SWIFT_OPTIMIZATION_LEVEL = "-Onone";
			};
			name = Debug;
		};
		B238D49E2314B318000E999E /* Release */ = {
			isa = XCBuildConfiguration;
			buildSettings = {
				ALWAYS_SEARCH_USER_PATHS = NO;
				CLANG_ANALYZER_NONNULL = YES;
				CLANG_ANALYZER_NUMBER_OBJECT_CONVERSION = YES_AGGRESSIVE;
				CLANG_CXX_LANGUAGE_STANDARD = "gnu++14";
				CLANG_CXX_LIBRARY = "libc++";
				CLANG_ENABLE_MODULES = YES;
				CLANG_ENABLE_OBJC_ARC = YES;
				CLANG_ENABLE_OBJC_WEAK = YES;
				CLANG_WARN_BLOCK_CAPTURE_AUTORELEASING = YES;
				CLANG_WARN_BOOL_CONVERSION = YES;
				CLANG_WARN_COMMA = YES;
				CLANG_WARN_CONSTANT_CONVERSION = YES;
				CLANG_WARN_DEPRECATED_OBJC_IMPLEMENTATIONS = YES;
				CLANG_WARN_DIRECT_OBJC_ISA_USAGE = YES_ERROR;
				CLANG_WARN_DOCUMENTATION_COMMENTS = YES;
				CLANG_WARN_EMPTY_BODY = YES;
				CLANG_WARN_ENUM_CONVERSION = YES;
				CLANG_WARN_INFINITE_RECURSION = YES;
				CLANG_WARN_INT_CONVERSION = YES;
				CLANG_WARN_NON_LITERAL_NULL_CONVERSION = YES;
				CLANG_WARN_OBJC_IMPLICIT_RETAIN_SELF = YES;
				CLANG_WARN_OBJC_LITERAL_CONVERSION = YES;
				CLANG_WARN_OBJC_ROOT_CLASS = YES_ERROR;
				CLANG_WARN_RANGE_LOOP_ANALYSIS = YES;
				CLANG_WARN_STRICT_PROTOTYPES = YES;
				CLANG_WARN_SUSPICIOUS_MOVE = YES;
				CLANG_WARN_UNGUARDED_AVAILABILITY = YES_AGGRESSIVE;
				CLANG_WARN_UNREACHABLE_CODE = YES;
				CLANG_WARN__DUPLICATE_METHOD_MATCH = YES;
				CODE_SIGN_IDENTITY = "iPhone Developer";
				COPY_PHASE_STRIP = NO;
				DEBUG_INFORMATION_FORMAT = "dwarf-with-dsym";
				ENABLE_NS_ASSERTIONS = NO;
				ENABLE_STRICT_OBJC_MSGSEND = YES;
				GCC_C_LANGUAGE_STANDARD = gnu11;
				GCC_NO_COMMON_BLOCKS = YES;
				GCC_WARN_64_TO_32_BIT_CONVERSION = YES;
				GCC_WARN_ABOUT_RETURN_TYPE = YES_ERROR;
				GCC_WARN_UNDECLARED_SELECTOR = YES;
				GCC_WARN_UNINITIALIZED_AUTOS = YES_AGGRESSIVE;
				GCC_WARN_UNUSED_FUNCTION = YES;
				GCC_WARN_UNUSED_VARIABLE = YES;
				IPHONEOS_DEPLOYMENT_TARGET = 12.4;
				MTL_ENABLE_DEBUG_INFO = NO;
				MTL_FAST_MATH = YES;
				SDKROOT = iphoneos;
				SWIFT_COMPILATION_MODE = wholemodule;
				SWIFT_OPTIMIZATION_LEVEL = "-O";
				VALIDATE_PRODUCT = YES;
			};
			name = Release;
		};
		B238D4A02314B318000E999E /* Debug */ = {
			isa = XCBuildConfiguration;
			buildSettings = {
				ASSETCATALOG_COMPILER_APPICON_NAME = AppIcon;
				CODE_SIGN_STYLE = Automatic;
				DEVELOPMENT_TEAM = Z96QWWAV3E;
				INFOPLIST_FILE = "300. Longest Increasing Subsequence(最长上升子序列)/Info.plist";
				IPHONEOS_DEPLOYMENT_TARGET = 11.3;
				LD_RUNPATH_SEARCH_PATHS = (
					"$(inherited)",
					"@executable_path/Frameworks",
				);
				PRODUCT_BUNDLE_IDENTIFIER = "UI.-00--Longest-Increasing-Subsequence---------";
				PRODUCT_NAME = "$(TARGET_NAME)";
				SWIFT_VERSION = 5.0;
				TARGETED_DEVICE_FAMILY = "1,2";
			};
			name = Debug;
		};
		B238D4A12314B318000E999E /* Release */ = {
			isa = XCBuildConfiguration;
			buildSettings = {
				ASSETCATALOG_COMPILER_APPICON_NAME = AppIcon;
				CODE_SIGN_STYLE = Automatic;
				DEVELOPMENT_TEAM = Z96QWWAV3E;
				INFOPLIST_FILE = "300. Longest Increasing Subsequence(最长上升子序列)/Info.plist";
				IPHONEOS_DEPLOYMENT_TARGET = 11.3;
				LD_RUNPATH_SEARCH_PATHS = (
					"$(inherited)",
					"@executable_path/Frameworks",
				);
				PRODUCT_BUNDLE_IDENTIFIER = "UI.-00--Longest-Increasing-Subsequence---------";
				PRODUCT_NAME = "$(TARGET_NAME)";
				SWIFT_VERSION = 5.0;
				TARGETED_DEVICE_FAMILY = "1,2";
			};
			name = Release;
		};
		B238D4A32314B318000E999E /* Debug */ = {
			isa = XCBuildConfiguration;
			buildSettings = {
				ALWAYS_EMBED_SWIFT_STANDARD_LIBRARIES = YES;
				BUNDLE_LOADER = "$(TEST_HOST)";
				CODE_SIGN_STYLE = Automatic;
				DEVELOPMENT_TEAM = Z96QWWAV3E;
				INFOPLIST_FILE = "300. Longest Increasing Subsequence(最长上升子序列)Tests/Info.plist";
				LD_RUNPATH_SEARCH_PATHS = (
					"$(inherited)",
					"@executable_path/Frameworks",
					"@loader_path/Frameworks",
				);
				PRODUCT_BUNDLE_IDENTIFIER = "UI.-00--Longest-Increasing-Subsequence---------Tests";
				PRODUCT_NAME = "$(TARGET_NAME)";
				SWIFT_VERSION = 5.0;
				TARGETED_DEVICE_FAMILY = "1,2";
				TEST_HOST = "$(BUILT_PRODUCTS_DIR)/300. Longest Increasing Subsequence(最长上升子序列).app/300. Longest Increasing Subsequence(最长上升子序列)";
			};
			name = Debug;
		};
		B238D4A42314B318000E999E /* Release */ = {
			isa = XCBuildConfiguration;
			buildSettings = {
				ALWAYS_EMBED_SWIFT_STANDARD_LIBRARIES = YES;
				BUNDLE_LOADER = "$(TEST_HOST)";
				CODE_SIGN_STYLE = Automatic;
				DEVELOPMENT_TEAM = Z96QWWAV3E;
				INFOPLIST_FILE = "300. Longest Increasing Subsequence(最长上升子序列)Tests/Info.plist";
				LD_RUNPATH_SEARCH_PATHS = (
					"$(inherited)",
					"@executable_path/Frameworks",
					"@loader_path/Frameworks",
				);
				PRODUCT_BUNDLE_IDENTIFIER = "UI.-00--Longest-Increasing-Subsequence---------Tests";
				PRODUCT_NAME = "$(TARGET_NAME)";
				SWIFT_VERSION = 5.0;
				TARGETED_DEVICE_FAMILY = "1,2";
				TEST_HOST = "$(BUILT_PRODUCTS_DIR)/300. Longest Increasing Subsequence(最长上升子序列).app/300. Longest Increasing Subsequence(最长上升子序列)";
			};
			name = Release;
		};
		B238D4A62314B318000E999E /* Debug */ = {
			isa = XCBuildConfiguration;
			buildSettings = {
				ALWAYS_EMBED_SWIFT_STANDARD_LIBRARIES = YES;
				CODE_SIGN_STYLE = Automatic;
				DEVELOPMENT_TEAM = Z96QWWAV3E;
				INFOPLIST_FILE = "300. Longest Increasing Subsequence(最长上升子序列)UITests/Info.plist";
				LD_RUNPATH_SEARCH_PATHS = (
					"$(inherited)",
					"@executable_path/Frameworks",
					"@loader_path/Frameworks",
				);
				PRODUCT_BUNDLE_IDENTIFIER = "UI.-00--Longest-Increasing-Subsequence---------UITests";
				PRODUCT_NAME = "$(TARGET_NAME)";
				SWIFT_VERSION = 5.0;
				TARGETED_DEVICE_FAMILY = "1,2";
				TEST_TARGET_NAME = "300. Longest Increasing Subsequence(最长上升子序列)";
			};
			name = Debug;
		};
		B238D4A72314B318000E999E /* Release */ = {
			isa = XCBuildConfiguration;
			buildSettings = {
				ALWAYS_EMBED_SWIFT_STANDARD_LIBRARIES = YES;
				CODE_SIGN_STYLE = Automatic;
				DEVELOPMENT_TEAM = Z96QWWAV3E;
				INFOPLIST_FILE = "300. Longest Increasing Subsequence(最长上升子序列)UITests/Info.plist";
				LD_RUNPATH_SEARCH_PATHS = (
					"$(inherited)",
					"@executable_path/Frameworks",
					"@loader_path/Frameworks",
				);
				PRODUCT_BUNDLE_IDENTIFIER = "UI.-00--Longest-Increasing-Subsequence---------UITests";
				PRODUCT_NAME = "$(TARGET_NAME)";
				SWIFT_VERSION = 5.0;
				TARGETED_DEVICE_FAMILY = "1,2";
				TEST_TARGET_NAME = "300. Longest Increasing Subsequence(最长上升子序列)";
			};
			name = Release;
		};
/* End XCBuildConfiguration section */

/* Begin XCConfigurationList section */
		B238D4722314B316000E999E /* Build configuration list for PBXProject "300. Longest Increasing Subsequence(最长上升子序列)" */ = {
			isa = XCConfigurationList;
			buildConfigurations = (
				B238D49D2314B318000E999E /* Debug */,
				B238D49E2314B318000E999E /* Release */,
			);
			defaultConfigurationIsVisible = 0;
			defaultConfigurationName = Release;
		};
		B238D49F2314B318000E999E /* Build configuration list for PBXNativeTarget "300. Longest Increasing Subsequence(最长上升子序列)" */ = {
			isa = XCConfigurationList;
			buildConfigurations = (
				B238D4A02314B318000E999E /* Debug */,
				B238D4A12314B318000E999E /* Release */,
			);
			defaultConfigurationIsVisible = 0;
			defaultConfigurationName = Release;
		};
		B238D4A22314B318000E999E /* Build configuration list for PBXNativeTarget "300. Longest Increasing Subsequence(最长上升子序列)Tests" */ = {
			isa = XCConfigurationList;
			buildConfigurations = (
				B238D4A32314B318000E999E /* Debug */,
				B238D4A42314B318000E999E /* Release */,
			);
			defaultConfigurationIsVisible = 0;
			defaultConfigurationName = Release;
		};
		B238D4A52314B318000E999E /* Build configuration list for PBXNativeTarget "300. Longest Increasing Subsequence(最长上升子序列)UITests" */ = {
			isa = XCConfigurationList;
			buildConfigurations = (
				B238D4A62314B318000E999E /* Debug */,
				B238D4A72314B318000E999E /* Release */,
			);
			defaultConfigurationIsVisible = 0;
			defaultConfigurationName = Release;
		};
/* End XCConfigurationList section */
	};
	rootObject = B238D46F2314B316000E999E /* Project object */;
}
