// !$*UTF8*$!
{
	archiveVersion = 1;
	classes = {
	};
	objectVersion = 50;
	objects = {

/* Begin PBXBuildFile section */
		B258298923093BA1003C4C0E /* AppDelegate.swift in Sources */ = {isa = PBXBuildFile; fileRef = B258298823093BA1003C4C0E /* AppDelegate.swift */; };
		B258298B23093BA1003C4C0E /* ViewController.swift in Sources */ = {isa = PBXBuildFile; fileRef = B258298A23093BA1003C4C0E /* ViewController.swift */; };
		B258298E23093BA1003C4C0E /* Main.storyboard in Resources */ = {isa = PBXBuildFile; fileRef = B258298C23093BA1003C4C0E /* Main.storyboard */; };
		B258299023093BA2003C4C0E /* Assets.xcassets in Resources */ = {isa = PBXBuildFile; fileRef = B258298F23093BA2003C4C0E /* Assets.xcassets */; };
		B258299323093BA2003C4C0E /* LaunchScreen.storyboard in Resources */ = {isa = PBXBuildFile; fileRef = B258299123093BA2003C4C0E /* LaunchScreen.storyboard */; };
		B258299E23093BA2003C4C0E /* _07__Course_ScheduleTests.swift in Sources */ = {isa = PBXBuildFile; fileRef = B258299D23093BA2003C4C0E /* _07__Course_ScheduleTests.swift */; };
		B25829A923093BA2003C4C0E /* _07__Course_ScheduleUITests.swift in Sources */ = {isa = PBXBuildFile; fileRef = B25829A823093BA2003C4C0E /* _07__Course_ScheduleUITests.swift */; };
/* End PBXBuildFile section */

/* Begin PBXContainerItemProxy section */
		B258299A23093BA2003C4C0E /* PBXContainerItemProxy */ = {
			isa = PBXContainerItemProxy;
			containerPortal = B258297D23093BA1003C4C0E /* Project object */;
			proxyType = 1;
			remoteGlobalIDString = B258298423093BA1003C4C0E;
			remoteInfo = "207. Course Schedule";
		};
		B25829A523093BA2003C4C0E /* PBXContainerItemProxy */ = {
			isa = PBXContainerItemProxy;
			containerPortal = B258297D23093BA1003C4C0E /* Project object */;
			proxyType = 1;
			remoteGlobalIDString = B258298423093BA1003C4C0E;
			remoteInfo = "207. Course Schedule";
		};
/* End PBXContainerItemProxy section */

/* Begin PBXFileReference section */
		B258298523093BA1003C4C0E /* 207. Course Schedule.app */ = {isa = PBXFileReference; explicitFileType = wrapper.application; includeInIndex = 0; path = "207. Course Schedule.app"; sourceTree = BUILT_PRODUCTS_DIR; };
		B258298823093BA1003C4C0E /* AppDelegate.swift */ = {isa = PBXFileReference; lastKnownFileType = sourcecode.swift; path = AppDelegate.swift; sourceTree = "<group>"; };
		B258298A23093BA1003C4C0E /* ViewController.swift */ = {isa = PBXFileReference; lastKnownFileType = sourcecode.swift; path = ViewController.swift; sourceTree = "<group>"; };
		B258298D23093BA1003C4C0E /* Base */ = {isa = PBXFileReference; lastKnownFileType = file.storyboard; name = Base; path = Base.lproj/Main.storyboard; sourceTree = "<group>"; };
		B258298F23093BA2003C4C0E /* Assets.xcassets */ = {isa = PBXFileReference; lastKnownFileType = folder.assetcatalog; path = Assets.xcassets; sourceTree = "<group>"; };
		B258299223093BA2003C4C0E /* Base */ = {isa = PBXFileReference; lastKnownFileType = file.storyboard; name = Base; path = Base.lproj/LaunchScreen.storyboard; sourceTree = "<group>"; };
		B258299423093BA2003C4C0E /* Info.plist */ = {isa = PBXFileReference; lastKnownFileType = text.plist.xml; path = Info.plist; sourceTree = "<group>"; };
		B258299923093BA2003C4C0E /* 207. Course ScheduleTests.xctest */ = {isa = PBXFileReference; explicitFileType = wrapper.cfbundle; includeInIndex = 0; path = "207. Course ScheduleTests.xctest"; sourceTree = BUILT_PRODUCTS_DIR; };
		B258299D23093BA2003C4C0E /* _07__Course_ScheduleTests.swift */ = {isa = PBXFileReference; lastKnownFileType = sourcecode.swift; path = _07__Course_ScheduleTests.swift; sourceTree = "<group>"; };
		B258299F23093BA2003C4C0E /* Info.plist */ = {isa = PBXFileReference; lastKnownFileType = text.plist.xml; path = Info.plist; sourceTree = "<group>"; };
		B25829A423093BA2003C4C0E /* 207. Course ScheduleUITests.xctest */ = {isa = PBXFileReference; explicitFileType = wrapper.cfbundle; includeInIndex = 0; path = "207. Course ScheduleUITests.xctest"; sourceTree = BUILT_PRODUCTS_DIR; };
		B25829A823093BA2003C4C0E /* _07__Course_ScheduleUITests.swift */ = {isa = PBXFileReference; lastKnownFileType = sourcecode.swift; path = _07__Course_ScheduleUITests.swift; sourceTree = "<group>"; };
		B25829AA23093BA2003C4C0E /* Info.plist */ = {isa = PBXFileReference; lastKnownFileType = text.plist.xml; path = Info.plist; sourceTree = "<group>"; };
/* End PBXFileReference section */

/* Begin PBXFrameworksBuildPhase section */
		B258298223093BA1003C4C0E /* Frameworks */ = {
			isa = PBXFrameworksBuildPhase;
			buildActionMask = 2147483647;
			files = (
			);
			runOnlyForDeploymentPostprocessing = 0;
		};
		B258299623093BA2003C4C0E /* Frameworks */ = {
			isa = PBXFrameworksBuildPhase;
			buildActionMask = 2147483647;
			files = (
			);
			runOnlyForDeploymentPostprocessing = 0;
		};
		B25829A123093BA2003C4C0E /* Frameworks */ = {
			isa = PBXFrameworksBuildPhase;
			buildActionMask = 2147483647;
			files = (
			);
			runOnlyForDeploymentPostprocessing = 0;
		};
/* End PBXFrameworksBuildPhase section */

/* Begin PBXGroup section */
		B258297C23093BA1003C4C0E = {
			isa = PBXGroup;
			children = (
				B258298723093BA1003C4C0E /* 207. Course Schedule */,
				B258299C23093BA2003C4C0E /* 207. Course ScheduleTests */,
				B25829A723093BA2003C4C0E /* 207. Course ScheduleUITests */,
				B258298623093BA1003C4C0E /* Products */,
			);
			sourceTree = "<group>";
		};
		B258298623093BA1003C4C0E /* Products */ = {
			isa = PBXGroup;
			children = (
				B258298523093BA1003C4C0E /* 207. Course Schedule.app */,
				B258299923093BA2003C4C0E /* 207. Course ScheduleTests.xctest */,
				B25829A423093BA2003C4C0E /* 207. Course ScheduleUITests.xctest */,
			);
			name = Products;
			sourceTree = "<group>";
		};
		B258298723093BA1003C4C0E /* 207. Course Schedule */ = {
			isa = PBXGroup;
			children = (
				B258298823093BA1003C4C0E /* AppDelegate.swift */,
				B258298A23093BA1003C4C0E /* ViewController.swift */,
				B258298C23093BA1003C4C0E /* Main.storyboard */,
				B258298F23093BA2003C4C0E /* Assets.xcassets */,
				B258299123093BA2003C4C0E /* LaunchScreen.storyboard */,
				B258299423093BA2003C4C0E /* Info.plist */,
			);
			path = "207. Course Schedule";
			sourceTree = "<group>";
		};
		B258299C23093BA2003C4C0E /* 207. Course ScheduleTests */ = {
			isa = PBXGroup;
			children = (
				B258299D23093BA2003C4C0E /* _07__Course_ScheduleTests.swift */,
				B258299F23093BA2003C4C0E /* Info.plist */,
			);
			path = "207. Course ScheduleTests";
			sourceTree = "<group>";
		};
		B25829A723093BA2003C4C0E /* 207. Course ScheduleUITests */ = {
			isa = PBXGroup;
			children = (
				B25829A823093BA2003C4C0E /* _07__Course_ScheduleUITests.swift */,
				B25829AA23093BA2003C4C0E /* Info.plist */,
			);
			path = "207. Course ScheduleUITests";
			sourceTree = "<group>";
		};
/* End PBXGroup section */

/* Begin PBXNativeTarget section */
		B258298423093BA1003C4C0E /* 207. Course Schedule */ = {
			isa = PBXNativeTarget;
			buildConfigurationList = B25829AD23093BA2003C4C0E /* Build configuration list for PBXNativeTarget "207. Course Schedule" */;
			buildPhases = (
				B258298123093BA1003C4C0E /* Sources */,
				B258298223093BA1003C4C0E /* Frameworks */,
				B258298323093BA1003C4C0E /* Resources */,
			);
			buildRules = (
			);
			dependencies = (
			);
			name = "207. Course Schedule";
			productName = "207. Course Schedule";
			productReference = B258298523093BA1003C4C0E /* 207. Course Schedule.app */;
			productType = "com.apple.product-type.application";
		};
		B258299823093BA2003C4C0E /* 207. Course ScheduleTests */ = {
			isa = PBXNativeTarget;
			buildConfigurationList = B25829B023093BA2003C4C0E /* Build configuration list for PBXNativeTarget "207. Course ScheduleTests" */;
			buildPhases = (
				B258299523093BA2003C4C0E /* Sources */,
				B258299623093BA2003C4C0E /* Frameworks */,
				B258299723093BA2003C4C0E /* Resources */,
			);
			buildRules = (
			);
			dependencies = (
				B258299B23093BA2003C4C0E /* PBXTargetDependency */,
			);
			name = "207. Course ScheduleTests";
			productName = "207. Course ScheduleTests";
			productReference = B258299923093BA2003C4C0E /* 207. Course ScheduleTests.xctest */;
			productType = "com.apple.product-type.bundle.unit-test";
		};
		B25829A323093BA2003C4C0E /* 207. Course ScheduleUITests */ = {
			isa = PBXNativeTarget;
			buildConfigurationList = B25829B323093BA2003C4C0E /* Build configuration list for PBXNativeTarget "207. Course ScheduleUITests" */;
			buildPhases = (
				B25829A023093BA2003C4C0E /* Sources */,
				B25829A123093BA2003C4C0E /* Frameworks */,
				B25829A223093BA2003C4C0E /* Resources */,
			);
			buildRules = (
			);
			dependencies = (
				B25829A623093BA2003C4C0E /* PBXTargetDependency */,
			);
			name = "207. Course ScheduleUITests";
			productName = "207. Course ScheduleUITests";
			productReference = B25829A423093BA2003C4C0E /* 207. Course ScheduleUITests.xctest */;
			productType = "com.apple.product-type.bundle.ui-testing";
		};
/* End PBXNativeTarget section */

/* Begin PBXProject section */
		B258297D23093BA1003C4C0E /* Project object */ = {
			isa = PBXProject;
			attributes = {
				LastSwiftUpdateCheck = 1030;
				LastUpgradeCheck = 1030;
				ORGANIZATIONNAME = yFeii;
				TargetAttributes = {
					B258298423093BA1003C4C0E = {
						CreatedOnToolsVersion = 10.3;
					};
					B258299823093BA2003C4C0E = {
						CreatedOnToolsVersion = 10.3;
						TestTargetID = B258298423093BA1003C4C0E;
					};
					B25829A323093BA2003C4C0E = {
						CreatedOnToolsVersion = 10.3;
						TestTargetID = B258298423093BA1003C4C0E;
					};
				};
			};
			buildConfigurationList = B258298023093BA1003C4C0E /* Build configuration list for PBXProject "207. Course Schedule" */;
			compatibilityVersion = "Xcode 9.3";
			developmentRegion = en;
			hasScannedForEncodings = 0;
			knownRegions = (
				en,
				Base,
			);
			mainGroup = B258297C23093BA1003C4C0E;
			productRefGroup = B258298623093BA1003C4C0E /* Products */;
			projectDirPath = "";
			projectRoot = "";
			targets = (
				B258298423093BA1003C4C0E /* 207. Course Schedule */,
				B258299823093BA2003C4C0E /* 207. Course ScheduleTests */,
				B25829A323093BA2003C4C0E /* 207. Course ScheduleUITests */,
			);
		};
/* End PBXProject section */

/* Begin PBXResourcesBuildPhase section */
		B258298323093BA1003C4C0E /* Resources */ = {
			isa = PBXResourcesBuildPhase;
			buildActionMask = 2147483647;
			files = (
				B258299323093BA2003C4C0E /* LaunchScreen.storyboard in Resources */,
				B258299023093BA2003C4C0E /* Assets.xcassets in Resources */,
				B258298E23093BA1003C4C0E /* Main.storyboard in Resources */,
			);
			runOnlyForDeploymentPostprocessing = 0;
		};
		B258299723093BA2003C4C0E /* Resources */ = {
			isa = PBXResourcesBuildPhase;
			buildActionMask = 2147483647;
			files = (
			);
			runOnlyForDeploymentPostprocessing = 0;
		};
		B25829A223093BA2003C4C0E /* Resources */ = {
			isa = PBXResourcesBuildPhase;
			buildActionMask = 2147483647;
			files = (
			);
			runOnlyForDeploymentPostprocessing = 0;
		};
/* End PBXResourcesBuildPhase section */

/* Begin PBXSourcesBuildPhase section */
		B258298123093BA1003C4C0E /* Sources */ = {
			isa = PBXSourcesBuildPhase;
			buildActionMask = 2147483647;
			files = (
				B258298B23093BA1003C4C0E /* ViewController.swift in Sources */,
				B258298923093BA1003C4C0E /* AppDelegate.swift in Sources */,
			);
			runOnlyForDeploymentPostprocessing = 0;
		};
		B258299523093BA2003C4C0E /* Sources */ = {
			isa = PBXSourcesBuildPhase;
			buildActionMask = 2147483647;
			files = (
				B258299E23093BA2003C4C0E /* _07__Course_ScheduleTests.swift in Sources */,
			);
			runOnlyForDeploymentPostprocessing = 0;
		};
		B25829A023093BA2003C4C0E /* Sources */ = {
			isa = PBXSourcesBuildPhase;
			buildActionMask = 2147483647;
			files = (
				B25829A923093BA2003C4C0E /* _07__Course_ScheduleUITests.swift in Sources */,
			);
			runOnlyForDeploymentPostprocessing = 0;
		};
/* End PBXSourcesBuildPhase section */

/* Begin PBXTargetDependency section */
		B258299B23093BA2003C4C0E /* PBXTargetDependency */ = {
			isa = PBXTargetDependency;
			target = B258298423093BA1003C4C0E /* 207. Course Schedule */;
			targetProxy = B258299A23093BA2003C4C0E /* PBXContainerItemProxy */;
		};
		B25829A623093BA2003C4C0E /* PBXTargetDependency */ = {
			isa = PBXTargetDependency;
			target = B258298423093BA1003C4C0E /* 207. Course Schedule */;
			targetProxy = B25829A523093BA2003C4C0E /* PBXContainerItemProxy */;
		};
/* End PBXTargetDependency section */

/* Begin PBXVariantGroup section */
		B258298C23093BA1003C4C0E /* Main.storyboard */ = {
			isa = PBXVariantGroup;
			children = (
				B258298D23093BA1003C4C0E /* Base */,
			);
			name = Main.storyboard;
			sourceTree = "<group>";
		};
		B258299123093BA2003C4C0E /* LaunchScreen.storyboard */ = {
			isa = PBXVariantGroup;
			children = (
				B258299223093BA2003C4C0E /* Base */,
			);
			name = LaunchScreen.storyboard;
			sourceTree = "<group>";
		};
/* End PBXVariantGroup section */

/* Begin XCBuildConfiguration section */
		B25829AB23093BA2003C4C0E /* Debug */ = {
			isa = XCBuildConfiguration;
			buildSettings = {
				ALWAYS_SEARCH_USER_PATHS = NO;
				CLANG_ANALYZER_NONNULL = YES;
				CLANG_ANALYZER_NUMBER_OBJECT_CONVERSION = YES_AGGRESSIVE;
				CLANG_CXX_LANGUAGE_STANDARD = "gnu++14";
				CLANG_CXX_LIBRARY = "libc++";
				CLANG_ENABLE_MODULES = YES;
				CLANG_ENABLE_OBJC_ARC = YES;
				CLANG_ENABLE_OBJC_WEAK = YES;
				CLANG_WARN_BLOCK_CAPTURE_AUTORELEASING = YES;
				CLANG_WARN_BOOL_CONVERSION = YES;
				CLANG_WARN_COMMA = YES;
				CLANG_WARN_CONSTANT_CONVERSION = YES;
				CLANG_WARN_DEPRECATED_OBJC_IMPLEMENTATIONS = YES;
				CLANG_WARN_DIRECT_OBJC_ISA_USAGE = YES_ERROR;
				CLANG_WARN_DOCUMENTATION_COMMENTS = YES;
				CLANG_WARN_EMPTY_BODY = YES;
				CLANG_WARN_ENUM_CONVERSION = YES;
				CLANG_WARN_INFINITE_RECURSION = YES;
				CLANG_WARN_INT_CONVERSION = YES;
				CLANG_WARN_NON_LITERAL_NULL_CONVERSION = YES;
				CLANG_WARN_OBJC_IMPLICIT_RETAIN_SELF = YES;
				CLANG_WARN_OBJC_LITERAL_CONVERSION = YES;
				CLANG_WARN_OBJC_ROOT_CLASS = YES_ERROR;
				CLANG_WARN_RANGE_LOOP_ANALYSIS = YES;
				CLANG_WARN_STRICT_PROTOTYPES = YES;
				CLANG_WARN_SUSPICIOUS_MOVE = YES;
				CLANG_WARN_UNGUARDED_AVAILABILITY = YES_AGGRESSIVE;
				CLANG_WARN_UNREACHABLE_CODE = YES;
				CLANG_WARN__DUPLICATE_METHOD_MATCH = YES;
				CODE_SIGN_IDENTITY = "iPhone Developer";
				COPY_PHASE_STRIP = NO;
				DEBUG_INFORMATION_FORMAT = dwarf;
				ENABLE_STRICT_OBJC_MSGSEND = YES;
				ENABLE_TESTABILITY = YES;
				GCC_C_LANGUAGE_STANDARD = gnu11;
				GCC_DYNAMIC_NO_PIC = NO;
				GCC_NO_COMMON_BLOCKS = YES;
				GCC_OPTIMIZATION_LEVEL = 0;
				GCC_PREPROCESSOR_DEFINITIONS = (
					"DEBUG=1",
					"$(inherited)",
				);
				GCC_WARN_64_TO_32_BIT_CONVERSION = YES;
				GCC_WARN_ABOUT_RETURN_TYPE = YES_ERROR;
				GCC_WARN_UNDECLARED_SELECTOR = YES;
				GCC_WARN_UNINITIALIZED_AUTOS = YES_AGGRESSIVE;
				GCC_WARN_UNUSED_FUNCTION = YES;
				GCC_WARN_UNUSED_VARIABLE = YES;
				IPHONEOS_DEPLOYMENT_TARGET = 12.4;
				MTL_ENABLE_DEBUG_INFO = INCLUDE_SOURCE;
				MTL_FAST_MATH = YES;
				ONLY_ACTIVE_ARCH = YES;
				SDKROOT = iphoneos;
				SWIFT_ACTIVE_COMPILATION_CONDITIONS = DEBUG;
				SWIFT_OPTIMIZATION_LEVEL = "-Onone";
			};
			name = Debug;
		};
		B25829AC23093BA2003C4C0E /* Release */ = {
			isa = XCBuildConfiguration;
			buildSettings = {
				ALWAYS_SEARCH_USER_PATHS = NO;
				CLANG_ANALYZER_NONNULL = YES;
				CLANG_ANALYZER_NUMBER_OBJECT_CONVERSION = YES_AGGRESSIVE;
				CLANG_CXX_LANGUAGE_STANDARD = "gnu++14";
				CLANG_CXX_LIBRARY = "libc++";
				CLANG_ENABLE_MODULES = YES;
				CLANG_ENABLE_OBJC_ARC = YES;
				CLANG_ENABLE_OBJC_WEAK = YES;
				CLANG_WARN_BLOCK_CAPTURE_AUTORELEASING = YES;
				CLANG_WARN_BOOL_CONVERSION = YES;
				CLANG_WARN_COMMA = YES;
				CLANG_WARN_CONSTANT_CONVERSION = YES;
				CLANG_WARN_DEPRECATED_OBJC_IMPLEMENTATIONS = YES;
				CLANG_WARN_DIRECT_OBJC_ISA_USAGE = YES_ERROR;
				CLANG_WARN_DOCUMENTATION_COMMENTS = YES;
				CLANG_WARN_EMPTY_BODY = YES;
				CLANG_WARN_ENUM_CONVERSION = YES;
				CLANG_WARN_INFINITE_RECURSION = YES;
				CLANG_WARN_INT_CONVERSION = YES;
				CLANG_WARN_NON_LITERAL_NULL_CONVERSION = YES;
				CLANG_WARN_OBJC_IMPLICIT_RETAIN_SELF = YES;
				CLANG_WARN_OBJC_LITERAL_CONVERSION = YES;
				CLANG_WARN_OBJC_ROOT_CLASS = YES_ERROR;
				CLANG_WARN_RANGE_LOOP_ANALYSIS = YES;
				CLANG_WARN_STRICT_PROTOTYPES = YES;
				CLANG_WARN_SUSPICIOUS_MOVE = YES;
				CLANG_WARN_UNGUARDED_AVAILABILITY = YES_AGGRESSIVE;
				CLANG_WARN_UNREACHABLE_CODE = YES;
				CLANG_WARN__DUPLICATE_METHOD_MATCH = YES;
				CODE_SIGN_IDENTITY = "iPhone Developer";
				COPY_PHASE_STRIP = NO;
				DEBUG_INFORMATION_FORMAT = "dwarf-with-dsym";
				ENABLE_NS_ASSERTIONS = NO;
				ENABLE_STRICT_OBJC_MSGSEND = YES;
				GCC_C_LANGUAGE_STANDARD = gnu11;
				GCC_NO_COMMON_BLOCKS = YES;
				GCC_WARN_64_TO_32_BIT_CONVERSION = YES;
				GCC_WARN_ABOUT_RETURN_TYPE = YES_ERROR;
				GCC_WARN_UNDECLARED_SELECTOR = YES;
				GCC_WARN_UNINITIALIZED_AUTOS = YES_AGGRESSIVE;
				GCC_WARN_UNUSED_FUNCTION = YES;
				GCC_WARN_UNUSED_VARIABLE = YES;
				IPHONEOS_DEPLOYMENT_TARGET = 12.4;
				MTL_ENABLE_DEBUG_INFO = NO;
				MTL_FAST_MATH = YES;
				SDKROOT = iphoneos;
				SWIFT_COMPILATION_MODE = wholemodule;
				SWIFT_OPTIMIZATION_LEVEL = "-O";
				VALIDATE_PRODUCT = YES;
			};
			name = Release;
		};
		B25829AE23093BA2003C4C0E /* Debug */ = {
			isa = XCBuildConfiguration;
			buildSettings = {
				ASSETCATALOG_COMPILER_APPICON_NAME = AppIcon;
				CODE_SIGN_STYLE = Automatic;
				DEVELOPMENT_TEAM = Z96QWWAV3E;
				INFOPLIST_FILE = "207. Course Schedule/Info.plist";
				IPHONEOS_DEPLOYMENT_TARGET = 11.3;
				LD_RUNPATH_SEARCH_PATHS = (
					"$(inherited)",
					"@executable_path/Frameworks",
				);
				PRODUCT_BUNDLE_IDENTIFIER = "UI.-07--Course-Schedule";
				PRODUCT_NAME = "$(TARGET_NAME)";
				SWIFT_VERSION = 5.0;
				TARGETED_DEVICE_FAMILY = "1,2";
			};
			name = Debug;
		};
		B25829AF23093BA2003C4C0E /* Release */ = {
			isa = XCBuildConfiguration;
			buildSettings = {
				ASSETCATALOG_COMPILER_APPICON_NAME = AppIcon;
				CODE_SIGN_STYLE = Automatic;
				DEVELOPMENT_TEAM = Z96QWWAV3E;
				INFOPLIST_FILE = "207. Course Schedule/Info.plist";
				IPHONEOS_DEPLOYMENT_TARGET = 11.3;
				LD_RUNPATH_SEARCH_PATHS = (
					"$(inherited)",
					"@executable_path/Frameworks",
				);
				PRODUCT_BUNDLE_IDENTIFIER = "UI.-07--Course-Schedule";
				PRODUCT_NAME = "$(TARGET_NAME)";
				SWIFT_VERSION = 5.0;
				TARGETED_DEVICE_FAMILY = "1,2";
			};
			name = Release;
		};
		B25829B123093BA2003C4C0E /* Debug */ = {
			isa = XCBuildConfiguration;
			buildSettings = {
				ALWAYS_EMBED_SWIFT_STANDARD_LIBRARIES = YES;
				BUNDLE_LOADER = "$(TEST_HOST)";
				CODE_SIGN_STYLE = Automatic;
				DEVELOPMENT_TEAM = Z96QWWAV3E;
				INFOPLIST_FILE = "207. Course ScheduleTests/Info.plist";
				LD_RUNPATH_SEARCH_PATHS = (
					"$(inherited)",
					"@executable_path/Frameworks",
					"@loader_path/Frameworks",
				);
				PRODUCT_BUNDLE_IDENTIFIER = "UI.-07--Course-ScheduleTests";
				PRODUCT_NAME = "$(TARGET_NAME)";
				SWIFT_VERSION = 5.0;
				TARGETED_DEVICE_FAMILY = "1,2";
				TEST_HOST = "$(BUILT_PRODUCTS_DIR)/207. Course Schedule.app/207. Course Schedule";
			};
			name = Debug;
		};
		B25829B223093BA2003C4C0E /* Release */ = {
			isa = XCBuildConfiguration;
			buildSettings = {
				ALWAYS_EMBED_SWIFT_STANDARD_LIBRARIES = YES;
				BUNDLE_LOADER = "$(TEST_HOST)";
				CODE_SIGN_STYLE = Automatic;
				DEVELOPMENT_TEAM = Z96QWWAV3E;
				INFOPLIST_FILE = "207. Course ScheduleTests/Info.plist";
				LD_RUNPATH_SEARCH_PATHS = (
					"$(inherited)",
					"@executable_path/Frameworks",
					"@loader_path/Frameworks",
				);
				PRODUCT_BUNDLE_IDENTIFIER = "UI.-07--Course-ScheduleTests";
				PRODUCT_NAME = "$(TARGET_NAME)";
				SWIFT_VERSION = 5.0;
				TARGETED_DEVICE_FAMILY = "1,2";
				TEST_HOST = "$(BUILT_PRODUCTS_DIR)/207. Course Schedule.app/207. Course Schedule";
			};
			name = Release;
		};
		B25829B423093BA2003C4C0E /* Debug */ = {
			isa = XCBuildConfiguration;
			buildSettings = {
				ALWAYS_EMBED_SWIFT_STANDARD_LIBRARIES = YES;
				CODE_SIGN_STYLE = Automatic;
				DEVELOPMENT_TEAM = Z96QWWAV3E;
				INFOPLIST_FILE = "207. Course ScheduleUITests/Info.plist";
				LD_RUNPATH_SEARCH_PATHS = (
					"$(inherited)",
					"@executable_path/Frameworks",
					"@loader_path/Frameworks",
				);
				PRODUCT_BUNDLE_IDENTIFIER = "UI.-07--Course-ScheduleUITests";
				PRODUCT_NAME = "$(TARGET_NAME)";
				SWIFT_VERSION = 5.0;
				TARGETED_DEVICE_FAMILY = "1,2";
				TEST_TARGET_NAME = "207. Course Schedule";
			};
			name = Debug;
		};
		B25829B523093BA2003C4C0E /* Release */ = {
			isa = XCBuildConfiguration;
			buildSettings = {
				ALWAYS_EMBED_SWIFT_STANDARD_LIBRARIES = YES;
				CODE_SIGN_STYLE = Automatic;
				DEVELOPMENT_TEAM = Z96QWWAV3E;
				INFOPLIST_FILE = "207. Course ScheduleUITests/Info.plist";
				LD_RUNPATH_SEARCH_PATHS = (
					"$(inherited)",
					"@executable_path/Frameworks",
					"@loader_path/Frameworks",
				);
				PRODUCT_BUNDLE_IDENTIFIER = "UI.-07--Course-ScheduleUITests";
				PRODUCT_NAME = "$(TARGET_NAME)";
				SWIFT_VERSION = 5.0;
				TARGETED_DEVICE_FAMILY = "1,2";
				TEST_TARGET_NAME = "207. Course Schedule";
			};
			name = Release;
		};
/* End XCBuildConfiguration section */

/* Begin XCConfigurationList section */
		B258298023093BA1003C4C0E /* Build configuration list for PBXProject "207. Course Schedule" */ = {
			isa = XCConfigurationList;
			buildConfigurations = (
				B25829AB23093BA2003C4C0E /* Debug */,
				B25829AC23093BA2003C4C0E /* Release */,
			);
			defaultConfigurationIsVisible = 0;
			defaultConfigurationName = Release;
		};
		B25829AD23093BA2003C4C0E /* Build configuration list for PBXNativeTarget "207. Course Schedule" */ = {
			isa = XCConfigurationList;
			buildConfigurations = (
				B25829AE23093BA2003C4C0E /* Debug */,
				B25829AF23093BA2003C4C0E /* Release */,
			);
			defaultConfigurationIsVisible = 0;
			defaultConfigurationName = Release;
		};
		B25829B023093BA2003C4C0E /* Build configuration list for PBXNativeTarget "207. Course ScheduleTests" */ = {
			isa = XCConfigurationList;
			buildConfigurations = (
				B25829B123093BA2003C4C0E /* Debug */,
				B25829B223093BA2003C4C0E /* Release */,
			);
			defaultConfigurationIsVisible = 0;
			defaultConfigurationName = Release;
		};
		B25829B323093BA2003C4C0E /* Build configuration list for PBXNativeTarget "207. Course ScheduleUITests" */ = {
			isa = XCConfigurationList;
			buildConfigurations = (
				B25829B423093BA2003C4C0E /* Debug */,
				B25829B523093BA2003C4C0E /* Release */,
			);
			defaultConfigurationIsVisible = 0;
			defaultConfigurationName = Release;
		};
/* End XCConfigurationList section */
	};
	rootObject = B258297D23093BA1003C4C0E /* Project object */;
}
