// !$*UTF8*$!
{
	archiveVersion = 1;
	classes = {
	};
	objectVersion = 50;
	objects = {

/* Begin PBXBuildFile section */
		B2582D1323120E79003C4C0E /* AppDelegate.swift in Sources */ = {isa = PBXBuildFile; fileRef = B2582D1223120E79003C4C0E /* AppDelegate.swift */; };
		B2582D1523120E79003C4C0E /* ViewController.swift in Sources */ = {isa = PBXBuildFile; fileRef = B2582D1423120E79003C4C0E /* ViewController.swift */; };
		B2582D1823120E79003C4C0E /* Main.storyboard in Resources */ = {isa = PBXBuildFile; fileRef = B2582D1623120E79003C4C0E /* Main.storyboard */; };
		B2582D1A23120E7A003C4C0E /* Assets.xcassets in Resources */ = {isa = PBXBuildFile; fileRef = B2582D1923120E7A003C4C0E /* Assets.xcassets */; };
		B2582D1D23120E7A003C4C0E /* LaunchScreen.storyboard in Resources */ = {isa = PBXBuildFile; fileRef = B2582D1B23120E7A003C4C0E /* LaunchScreen.storyboard */; };
		B2582D2823120E7B003C4C0E /* ___Longest_Palindromic_SubstringTests.swift in Sources */ = {isa = PBXBuildFile; fileRef = B2582D2723120E7B003C4C0E /* ___Longest_Palindromic_SubstringTests.swift */; };
		B2582D3323120E7B003C4C0E /* ___Longest_Palindromic_SubstringUITests.swift in Sources */ = {isa = PBXBuildFile; fileRef = B2582D3223120E7B003C4C0E /* ___Longest_Palindromic_SubstringUITests.swift */; };
/* End PBXBuildFile section */

/* Begin PBXContainerItemProxy section */
		B2582D2423120E7B003C4C0E /* PBXContainerItemProxy */ = {
			isa = PBXContainerItemProxy;
			containerPortal = B2582D0723120E79003C4C0E /* Project object */;
			proxyType = 1;
			remoteGlobalIDString = B2582D0E23120E79003C4C0E;
			remoteInfo = "5. Longest Palindromic Substring";
		};
		B2582D2F23120E7B003C4C0E /* PBXContainerItemProxy */ = {
			isa = PBXContainerItemProxy;
			containerPortal = B2582D0723120E79003C4C0E /* Project object */;
			proxyType = 1;
			remoteGlobalIDString = B2582D0E23120E79003C4C0E;
			remoteInfo = "5. Longest Palindromic Substring";
		};
/* End PBXContainerItemProxy section */

/* Begin PBXFileReference section */
		B2582D0F23120E79003C4C0E /* 5. Longest Palindromic Substring.app */ = {isa = PBXFileReference; explicitFileType = wrapper.application; includeInIndex = 0; path = "5. Longest Palindromic Substring.app"; sourceTree = BUILT_PRODUCTS_DIR; };
		B2582D1223120E79003C4C0E /* AppDelegate.swift */ = {isa = PBXFileReference; lastKnownFileType = sourcecode.swift; path = AppDelegate.swift; sourceTree = "<group>"; };
		B2582D1423120E79003C4C0E /* ViewController.swift */ = {isa = PBXFileReference; lastKnownFileType = sourcecode.swift; path = ViewController.swift; sourceTree = "<group>"; };
		B2582D1723120E79003C4C0E /* Base */ = {isa = PBXFileReference; lastKnownFileType = file.storyboard; name = Base; path = Base.lproj/Main.storyboard; sourceTree = "<group>"; };
		B2582D1923120E7A003C4C0E /* Assets.xcassets */ = {isa = PBXFileReference; lastKnownFileType = folder.assetcatalog; path = Assets.xcassets; sourceTree = "<group>"; };
		B2582D1C23120E7A003C4C0E /* Base */ = {isa = PBXFileReference; lastKnownFileType = file.storyboard; name = Base; path = Base.lproj/LaunchScreen.storyboard; sourceTree = "<group>"; };
		B2582D1E23120E7A003C4C0E /* Info.plist */ = {isa = PBXFileReference; lastKnownFileType = text.plist.xml; path = Info.plist; sourceTree = "<group>"; };
		B2582D2323120E7B003C4C0E /* 5. Longest Palindromic SubstringTests.xctest */ = {isa = PBXFileReference; explicitFileType = wrapper.cfbundle; includeInIndex = 0; path = "5. Longest Palindromic SubstringTests.xctest"; sourceTree = BUILT_PRODUCTS_DIR; };
		B2582D2723120E7B003C4C0E /* ___Longest_Palindromic_SubstringTests.swift */ = {isa = PBXFileReference; lastKnownFileType = sourcecode.swift; path = "___Longest_Palindromic_SubstringTests.swift"; sourceTree = "<group>"; };
		B2582D2923120E7B003C4C0E /* Info.plist */ = {isa = PBXFileReference; lastKnownFileType = text.plist.xml; path = Info.plist; sourceTree = "<group>"; };
		B2582D2E23120E7B003C4C0E /* 5. Longest Palindromic SubstringUITests.xctest */ = {isa = PBXFileReference; explicitFileType = wrapper.cfbundle; includeInIndex = 0; path = "5. Longest Palindromic SubstringUITests.xctest"; sourceTree = BUILT_PRODUCTS_DIR; };
		B2582D3223120E7B003C4C0E /* ___Longest_Palindromic_SubstringUITests.swift */ = {isa = PBXFileReference; lastKnownFileType = sourcecode.swift; path = "___Longest_Palindromic_SubstringUITests.swift"; sourceTree = "<group>"; };
		B2582D3423120E7B003C4C0E /* Info.plist */ = {isa = PBXFileReference; lastKnownFileType = text.plist.xml; path = Info.plist; sourceTree = "<group>"; };
/* End PBXFileReference section */

/* Begin PBXFrameworksBuildPhase section */
		B2582D0C23120E79003C4C0E /* Frameworks */ = {
			isa = PBXFrameworksBuildPhase;
			buildActionMask = 2147483647;
			files = (
			);
			runOnlyForDeploymentPostprocessing = 0;
		};
		B2582D2023120E7B003C4C0E /* Frameworks */ = {
			isa = PBXFrameworksBuildPhase;
			buildActionMask = 2147483647;
			files = (
			);
			runOnlyForDeploymentPostprocessing = 0;
		};
		B2582D2B23120E7B003C4C0E /* Frameworks */ = {
			isa = PBXFrameworksBuildPhase;
			buildActionMask = 2147483647;
			files = (
			);
			runOnlyForDeploymentPostprocessing = 0;
		};
/* End PBXFrameworksBuildPhase section */

/* Begin PBXGroup section */
		B2582D0623120E79003C4C0E = {
			isa = PBXGroup;
			children = (
				B2582D1123120E79003C4C0E /* 5. Longest Palindromic Substring */,
				B2582D2623120E7B003C4C0E /* 5. Longest Palindromic SubstringTests */,
				B2582D3123120E7B003C4C0E /* 5. Longest Palindromic SubstringUITests */,
				B2582D1023120E79003C4C0E /* Products */,
			);
			sourceTree = "<group>";
		};
		B2582D1023120E79003C4C0E /* Products */ = {
			isa = PBXGroup;
			children = (
				B2582D0F23120E79003C4C0E /* 5. Longest Palindromic Substring.app */,
				B2582D2323120E7B003C4C0E /* 5. Longest Palindromic SubstringTests.xctest */,
				B2582D2E23120E7B003C4C0E /* 5. Longest Palindromic SubstringUITests.xctest */,
			);
			name = Products;
			sourceTree = "<group>";
		};
		B2582D1123120E79003C4C0E /* 5. Longest Palindromic Substring */ = {
			isa = PBXGroup;
			children = (
				B2582D1223120E79003C4C0E /* AppDelegate.swift */,
				B2582D1423120E79003C4C0E /* ViewController.swift */,
				B2582D1623120E79003C4C0E /* Main.storyboard */,
				B2582D1923120E7A003C4C0E /* Assets.xcassets */,
				B2582D1B23120E7A003C4C0E /* LaunchScreen.storyboard */,
				B2582D1E23120E7A003C4C0E /* Info.plist */,
			);
			path = "5. Longest Palindromic Substring";
			sourceTree = "<group>";
		};
		B2582D2623120E7B003C4C0E /* 5. Longest Palindromic SubstringTests */ = {
			isa = PBXGroup;
			children = (
				B2582D2723120E7B003C4C0E /* ___Longest_Palindromic_SubstringTests.swift */,
				B2582D2923120E7B003C4C0E /* Info.plist */,
			);
			path = "5. Longest Palindromic SubstringTests";
			sourceTree = "<group>";
		};
		B2582D3123120E7B003C4C0E /* 5. Longest Palindromic SubstringUITests */ = {
			isa = PBXGroup;
			children = (
				B2582D3223120E7B003C4C0E /* ___Longest_Palindromic_SubstringUITests.swift */,
				B2582D3423120E7B003C4C0E /* Info.plist */,
			);
			path = "5. Longest Palindromic SubstringUITests";
			sourceTree = "<group>";
		};
/* End PBXGroup section */

/* Begin PBXNativeTarget section */
		B2582D0E23120E79003C4C0E /* 5. Longest Palindromic Substring */ = {
			isa = PBXNativeTarget;
			buildConfigurationList = B2582D3723120E7B003C4C0E /* Build configuration list for PBXNativeTarget "5. Longest Palindromic Substring" */;
			buildPhases = (
				B2582D0B23120E79003C4C0E /* Sources */,
				B2582D0C23120E79003C4C0E /* Frameworks */,
				B2582D0D23120E79003C4C0E /* Resources */,
			);
			buildRules = (
			);
			dependencies = (
			);
			name = "5. Longest Palindromic Substring";
			productName = "5. Longest Palindromic Substring";
			productReference = B2582D0F23120E79003C4C0E /* 5. Longest Palindromic Substring.app */;
			productType = "com.apple.product-type.application";
		};
		B2582D2223120E7B003C4C0E /* 5. Longest Palindromic SubstringTests */ = {
			isa = PBXNativeTarget;
			buildConfigurationList = B2582D3A23120E7B003C4C0E /* Build configuration list for PBXNativeTarget "5. Longest Palindromic SubstringTests" */;
			buildPhases = (
				B2582D1F23120E7B003C4C0E /* Sources */,
				B2582D2023120E7B003C4C0E /* Frameworks */,
				B2582D2123120E7B003C4C0E /* Resources */,
			);
			buildRules = (
			);
			dependencies = (
				B2582D2523120E7B003C4C0E /* PBXTargetDependency */,
			);
			name = "5. Longest Palindromic SubstringTests";
			productName = "5. Longest Palindromic SubstringTests";
			productReference = B2582D2323120E7B003C4C0E /* 5. Longest Palindromic SubstringTests.xctest */;
			productType = "com.apple.product-type.bundle.unit-test";
		};
		B2582D2D23120E7B003C4C0E /* 5. Longest Palindromic SubstringUITests */ = {
			isa = PBXNativeTarget;
			buildConfigurationList = B2582D3D23120E7B003C4C0E /* Build configuration list for PBXNativeTarget "5. Longest Palindromic SubstringUITests" */;
			buildPhases = (
				B2582D2A23120E7B003C4C0E /* Sources */,
				B2582D2B23120E7B003C4C0E /* Frameworks */,
				B2582D2C23120E7B003C4C0E /* Resources */,
			);
			buildRules = (
			);
			dependencies = (
				B2582D3023120E7B003C4C0E /* PBXTargetDependency */,
			);
			name = "5. Longest Palindromic SubstringUITests";
			productName = "5. Longest Palindromic SubstringUITests";
			productReference = B2582D2E23120E7B003C4C0E /* 5. Longest Palindromic SubstringUITests.xctest */;
			productType = "com.apple.product-type.bundle.ui-testing";
		};
/* End PBXNativeTarget section */

/* Begin PBXProject section */
		B2582D0723120E79003C4C0E /* Project object */ = {
			isa = PBXProject;
			attributes = {
				LastSwiftUpdateCheck = 1030;
				LastUpgradeCheck = 1030;
				ORGANIZATIONNAME = yFeii;
				TargetAttributes = {
					B2582D0E23120E79003C4C0E = {
						CreatedOnToolsVersion = 10.3;
					};
					B2582D2223120E7B003C4C0E = {
						CreatedOnToolsVersion = 10.3;
						TestTargetID = B2582D0E23120E79003C4C0E;
					};
					B2582D2D23120E7B003C4C0E = {
						CreatedOnToolsVersion = 10.3;
						TestTargetID = B2582D0E23120E79003C4C0E;
					};
				};
			};
			buildConfigurationList = B2582D0A23120E79003C4C0E /* Build configuration list for PBXProject "5. Longest Palindromic Substring" */;
			compatibilityVersion = "Xcode 9.3";
			developmentRegion = en;
			hasScannedForEncodings = 0;
			knownRegions = (
				en,
				Base,
			);
			mainGroup = B2582D0623120E79003C4C0E;
			productRefGroup = B2582D1023120E79003C4C0E /* Products */;
			projectDirPath = "";
			projectRoot = "";
			targets = (
				B2582D0E23120E79003C4C0E /* 5. Longest Palindromic Substring */,
				B2582D2223120E7B003C4C0E /* 5. Longest Palindromic SubstringTests */,
				B2582D2D23120E7B003C4C0E /* 5. Longest Palindromic SubstringUITests */,
			);
		};
/* End PBXProject section */

/* Begin PBXResourcesBuildPhase section */
		B2582D0D23120E79003C4C0E /* Resources */ = {
			isa = PBXResourcesBuildPhase;
			buildActionMask = 2147483647;
			files = (
				B2582D1D23120E7A003C4C0E /* LaunchScreen.storyboard in Resources */,
				B2582D1A23120E7A003C4C0E /* Assets.xcassets in Resources */,
				B2582D1823120E79003C4C0E /* Main.storyboard in Resources */,
			);
			runOnlyForDeploymentPostprocessing = 0;
		};
		B2582D2123120E7B003C4C0E /* Resources */ = {
			isa = PBXResourcesBuildPhase;
			buildActionMask = 2147483647;
			files = (
			);
			runOnlyForDeploymentPostprocessing = 0;
		};
		B2582D2C23120E7B003C4C0E /* Resources */ = {
			isa = PBXResourcesBuildPhase;
			buildActionMask = 2147483647;
			files = (
			);
			runOnlyForDeploymentPostprocessing = 0;
		};
/* End PBXResourcesBuildPhase section */

/* Begin PBXSourcesBuildPhase section */
		B2582D0B23120E79003C4C0E /* Sources */ = {
			isa = PBXSourcesBuildPhase;
			buildActionMask = 2147483647;
			files = (
				B2582D1523120E79003C4C0E /* ViewController.swift in Sources */,
				B2582D1323120E79003C4C0E /* AppDelegate.swift in Sources */,
			);
			runOnlyForDeploymentPostprocessing = 0;
		};
		B2582D1F23120E7B003C4C0E /* Sources */ = {
			isa = PBXSourcesBuildPhase;
			buildActionMask = 2147483647;
			files = (
				B2582D2823120E7B003C4C0E /* ___Longest_Palindromic_SubstringTests.swift in Sources */,
			);
			runOnlyForDeploymentPostprocessing = 0;
		};
		B2582D2A23120E7B003C4C0E /* Sources */ = {
			isa = PBXSourcesBuildPhase;
			buildActionMask = 2147483647;
			files = (
				B2582D3323120E7B003C4C0E /* ___Longest_Palindromic_SubstringUITests.swift in Sources */,
			);
			runOnlyForDeploymentPostprocessing = 0;
		};
/* End PBXSourcesBuildPhase section */

/* Begin PBXTargetDependency section */
		B2582D2523120E7B003C4C0E /* PBXTargetDependency */ = {
			isa = PBXTargetDependency;
			target = B2582D0E23120E79003C4C0E /* 5. Longest Palindromic Substring */;
			targetProxy = B2582D2423120E7B003C4C0E /* PBXContainerItemProxy */;
		};
		B2582D3023120E7B003C4C0E /* PBXTargetDependency */ = {
			isa = PBXTargetDependency;
			target = B2582D0E23120E79003C4C0E /* 5. Longest Palindromic Substring */;
			targetProxy = B2582D2F23120E7B003C4C0E /* PBXContainerItemProxy */;
		};
/* End PBXTargetDependency section */

/* Begin PBXVariantGroup section */
		B2582D1623120E79003C4C0E /* Main.storyboard */ = {
			isa = PBXVariantGroup;
			children = (
				B2582D1723120E79003C4C0E /* Base */,
			);
			name = Main.storyboard;
			sourceTree = "<group>";
		};
		B2582D1B23120E7A003C4C0E /* LaunchScreen.storyboard */ = {
			isa = PBXVariantGroup;
			children = (
				B2582D1C23120E7A003C4C0E /* Base */,
			);
			name = LaunchScreen.storyboard;
			sourceTree = "<group>";
		};
/* End PBXVariantGroup section */

/* Begin XCBuildConfiguration section */
		B2582D3523120E7B003C4C0E /* Debug */ = {
			isa = XCBuildConfiguration;
			buildSettings = {
				ALWAYS_SEARCH_USER_PATHS = NO;
				CLANG_ANALYZER_NONNULL = YES;
				CLANG_ANALYZER_NUMBER_OBJECT_CONVERSION = YES_AGGRESSIVE;
				CLANG_CXX_LANGUAGE_STANDARD = "gnu++14";
				CLANG_CXX_LIBRARY = "libc++";
				CLANG_ENABLE_MODULES = YES;
				CLANG_ENABLE_OBJC_ARC = YES;
				CLANG_ENABLE_OBJC_WEAK = YES;
				CLANG_WARN_BLOCK_CAPTURE_AUTORELEASING = YES;
				CLANG_WARN_BOOL_CONVERSION = YES;
				CLANG_WARN_COMMA = YES;
				CLANG_WARN_CONSTANT_CONVERSION = YES;
				CLANG_WARN_DEPRECATED_OBJC_IMPLEMENTATIONS = YES;
				CLANG_WARN_DIRECT_OBJC_ISA_USAGE = YES_ERROR;
				CLANG_WARN_DOCUMENTATION_COMMENTS = YES;
				CLANG_WARN_EMPTY_BODY = YES;
				CLANG_WARN_ENUM_CONVERSION = YES;
				CLANG_WARN_INFINITE_RECURSION = YES;
				CLANG_WARN_INT_CONVERSION = YES;
				CLANG_WARN_NON_LITERAL_NULL_CONVERSION = YES;
				CLANG_WARN_OBJC_IMPLICIT_RETAIN_SELF = YES;
				CLANG_WARN_OBJC_LITERAL_CONVERSION = YES;
				CLANG_WARN_OBJC_ROOT_CLASS = YES_ERROR;
				CLANG_WARN_RANGE_LOOP_ANALYSIS = YES;
				CLANG_WARN_STRICT_PROTOTYPES = YES;
				CLANG_WARN_SUSPICIOUS_MOVE = YES;
				CLANG_WARN_UNGUARDED_AVAILABILITY = YES_AGGRESSIVE;
				CLANG_WARN_UNREACHABLE_CODE = YES;
				CLANG_WARN__DUPLICATE_METHOD_MATCH = YES;
				CODE_SIGN_IDENTITY = "iPhone Developer";
				COPY_PHASE_STRIP = NO;
				DEBUG_INFORMATION_FORMAT = dwarf;
				ENABLE_STRICT_OBJC_MSGSEND = YES;
				ENABLE_TESTABILITY = YES;
				GCC_C_LANGUAGE_STANDARD = gnu11;
				GCC_DYNAMIC_NO_PIC = NO;
				GCC_NO_COMMON_BLOCKS = YES;
				GCC_OPTIMIZATION_LEVEL = 0;
				GCC_PREPROCESSOR_DEFINITIONS = (
					"DEBUG=1",
					"$(inherited)",
				);
				GCC_WARN_64_TO_32_BIT_CONVERSION = YES;
				GCC_WARN_ABOUT_RETURN_TYPE = YES_ERROR;
				GCC_WARN_UNDECLARED_SELECTOR = YES;
				GCC_WARN_UNINITIALIZED_AUTOS = YES_AGGRESSIVE;
				GCC_WARN_UNUSED_FUNCTION = YES;
				GCC_WARN_UNUSED_VARIABLE = YES;
				IPHONEOS_DEPLOYMENT_TARGET = 12.4;
				MTL_ENABLE_DEBUG_INFO = INCLUDE_SOURCE;
				MTL_FAST_MATH = YES;
				ONLY_ACTIVE_ARCH = YES;
				SDKROOT = iphoneos;
				SWIFT_ACTIVE_COMPILATION_CONDITIONS = DEBUG;
				SWIFT_OPTIMIZATION_LEVEL = "-Onone";
			};
			name = Debug;
		};
		B2582D3623120E7B003C4C0E /* Release */ = {
			isa = XCBuildConfiguration;
			buildSettings = {
				ALWAYS_SEARCH_USER_PATHS = NO;
				CLANG_ANALYZER_NONNULL = YES;
				CLANG_ANALYZER_NUMBER_OBJECT_CONVERSION = YES_AGGRESSIVE;
				CLANG_CXX_LANGUAGE_STANDARD = "gnu++14";
				CLANG_CXX_LIBRARY = "libc++";
				CLANG_ENABLE_MODULES = YES;
				CLANG_ENABLE_OBJC_ARC = YES;
				CLANG_ENABLE_OBJC_WEAK = YES;
				CLANG_WARN_BLOCK_CAPTURE_AUTORELEASING = YES;
				CLANG_WARN_BOOL_CONVERSION = YES;
				CLANG_WARN_COMMA = YES;
				CLANG_WARN_CONSTANT_CONVERSION = YES;
				CLANG_WARN_DEPRECATED_OBJC_IMPLEMENTATIONS = YES;
				CLANG_WARN_DIRECT_OBJC_ISA_USAGE = YES_ERROR;
				CLANG_WARN_DOCUMENTATION_COMMENTS = YES;
				CLANG_WARN_EMPTY_BODY = YES;
				CLANG_WARN_ENUM_CONVERSION = YES;
				CLANG_WARN_INFINITE_RECURSION = YES;
				CLANG_WARN_INT_CONVERSION = YES;
				CLANG_WARN_NON_LITERAL_NULL_CONVERSION = YES;
				CLANG_WARN_OBJC_IMPLICIT_RETAIN_SELF = YES;
				CLANG_WARN_OBJC_LITERAL_CONVERSION = YES;
				CLANG_WARN_OBJC_ROOT_CLASS = YES_ERROR;
				CLANG_WARN_RANGE_LOOP_ANALYSIS = YES;
				CLANG_WARN_STRICT_PROTOTYPES = YES;
				CLANG_WARN_SUSPICIOUS_MOVE = YES;
				CLANG_WARN_UNGUARDED_AVAILABILITY = YES_AGGRESSIVE;
				CLANG_WARN_UNREACHABLE_CODE = YES;
				CLANG_WARN__DUPLICATE_METHOD_MATCH = YES;
				CODE_SIGN_IDENTITY = "iPhone Developer";
				COPY_PHASE_STRIP = NO;
				DEBUG_INFORMATION_FORMAT = "dwarf-with-dsym";
				ENABLE_NS_ASSERTIONS = NO;
				ENABLE_STRICT_OBJC_MSGSEND = YES;
				GCC_C_LANGUAGE_STANDARD = gnu11;
				GCC_NO_COMMON_BLOCKS = YES;
				GCC_WARN_64_TO_32_BIT_CONVERSION = YES;
				GCC_WARN_ABOUT_RETURN_TYPE = YES_ERROR;
				GCC_WARN_UNDECLARED_SELECTOR = YES;
				GCC_WARN_UNINITIALIZED_AUTOS = YES_AGGRESSIVE;
				GCC_WARN_UNUSED_FUNCTION = YES;
				GCC_WARN_UNUSED_VARIABLE = YES;
				IPHONEOS_DEPLOYMENT_TARGET = 12.4;
				MTL_ENABLE_DEBUG_INFO = NO;
				MTL_FAST_MATH = YES;
				SDKROOT = iphoneos;
				SWIFT_COMPILATION_MODE = wholemodule;
				SWIFT_OPTIMIZATION_LEVEL = "-O";
				VALIDATE_PRODUCT = YES;
			};
			name = Release;
		};
		B2582D3823120E7B003C4C0E /* Debug */ = {
			isa = XCBuildConfiguration;
			buildSettings = {
				ASSETCATALOG_COMPILER_APPICON_NAME = AppIcon;
				CODE_SIGN_STYLE = Automatic;
				DEVELOPMENT_TEAM = Z96QWWAV3E;
				INFOPLIST_FILE = "5. Longest Palindromic Substring/Info.plist";
				IPHONEOS_DEPLOYMENT_TARGET = 11.3;
				LD_RUNPATH_SEARCH_PATHS = (
					"$(inherited)",
					"@executable_path/Frameworks",
				);
				PRODUCT_BUNDLE_IDENTIFIER = "UI.---Longest-Palindromic-Substring";
				PRODUCT_NAME = "$(TARGET_NAME)";
				SWIFT_VERSION = 5.0;
				TARGETED_DEVICE_FAMILY = "1,2";
			};
			name = Debug;
		};
		B2582D3923120E7B003C4C0E /* Release */ = {
			isa = XCBuildConfiguration;
			buildSettings = {
				ASSETCATALOG_COMPILER_APPICON_NAME = AppIcon;
				CODE_SIGN_STYLE = Automatic;
				DEVELOPMENT_TEAM = Z96QWWAV3E;
				INFOPLIST_FILE = "5. Longest Palindromic Substring/Info.plist";
				IPHONEOS_DEPLOYMENT_TARGET = 11.3;
				LD_RUNPATH_SEARCH_PATHS = (
					"$(inherited)",
					"@executable_path/Frameworks",
				);
				PRODUCT_BUNDLE_IDENTIFIER = "UI.---Longest-Palindromic-Substring";
				PRODUCT_NAME = "$(TARGET_NAME)";
				SWIFT_VERSION = 5.0;
				TARGETED_DEVICE_FAMILY = "1,2";
			};
			name = Release;
		};
		B2582D3B23120E7B003C4C0E /* Debug */ = {
			isa = XCBuildConfiguration;
			buildSettings = {
				ALWAYS_EMBED_SWIFT_STANDARD_LIBRARIES = YES;
				BUNDLE_LOADER = "$(TEST_HOST)";
				CODE_SIGN_STYLE = Automatic;
				DEVELOPMENT_TEAM = Z96QWWAV3E;
				INFOPLIST_FILE = "5. Longest Palindromic SubstringTests/Info.plist";
				LD_RUNPATH_SEARCH_PATHS = (
					"$(inherited)",
					"@executable_path/Frameworks",
					"@loader_path/Frameworks",
				);
				PRODUCT_BUNDLE_IDENTIFIER = "UI.---Longest-Palindromic-SubstringTests";
				PRODUCT_NAME = "$(TARGET_NAME)";
				SWIFT_VERSION = 5.0;
				TARGETED_DEVICE_FAMILY = "1,2";
				TEST_HOST = "$(BUILT_PRODUCTS_DIR)/5. Longest Palindromic Substring.app/5. Longest Palindromic Substring";
			};
			name = Debug;
		};
		B2582D3C23120E7B003C4C0E /* Release */ = {
			isa = XCBuildConfiguration;
			buildSettings = {
				ALWAYS_EMBED_SWIFT_STANDARD_LIBRARIES = YES;
				BUNDLE_LOADER = "$(TEST_HOST)";
				CODE_SIGN_STYLE = Automatic;
				DEVELOPMENT_TEAM = Z96QWWAV3E;
				INFOPLIST_FILE = "5. Longest Palindromic SubstringTests/Info.plist";
				LD_RUNPATH_SEARCH_PATHS = (
					"$(inherited)",
					"@executable_path/Frameworks",
					"@loader_path/Frameworks",
				);
				PRODUCT_BUNDLE_IDENTIFIER = "UI.---Longest-Palindromic-SubstringTests";
				PRODUCT_NAME = "$(TARGET_NAME)";
				SWIFT_VERSION = 5.0;
				TARGETED_DEVICE_FAMILY = "1,2";
				TEST_HOST = "$(BUILT_PRODUCTS_DIR)/5. Longest Palindromic Substring.app/5. Longest Palindromic Substring";
			};
			name = Release;
		};
		B2582D3E23120E7B003C4C0E /* Debug */ = {
			isa = XCBuildConfiguration;
			buildSettings = {
				ALWAYS_EMBED_SWIFT_STANDARD_LIBRARIES = YES;
				CODE_SIGN_STYLE = Automatic;
				DEVELOPMENT_TEAM = Z96QWWAV3E;
				INFOPLIST_FILE = "5. Longest Palindromic SubstringUITests/Info.plist";
				LD_RUNPATH_SEARCH_PATHS = (
					"$(inherited)",
					"@executable_path/Frameworks",
					"@loader_path/Frameworks",
				);
				PRODUCT_BUNDLE_IDENTIFIER = "UI.---Longest-Palindromic-SubstringUITests";
				PRODUCT_NAME = "$(TARGET_NAME)";
				SWIFT_VERSION = 5.0;
				TARGETED_DEVICE_FAMILY = "1,2";
				TEST_TARGET_NAME = "5. Longest Palindromic Substring";
			};
			name = Debug;
		};
		B2582D3F23120E7B003C4C0E /* Release */ = {
			isa = XCBuildConfiguration;
			buildSettings = {
				ALWAYS_EMBED_SWIFT_STANDARD_LIBRARIES = YES;
				CODE_SIGN_STYLE = Automatic;
				DEVELOPMENT_TEAM = Z96QWWAV3E;
				INFOPLIST_FILE = "5. Longest Palindromic SubstringUITests/Info.plist";
				LD_RUNPATH_SEARCH_PATHS = (
					"$(inherited)",
					"@executable_path/Frameworks",
					"@loader_path/Frameworks",
				);
				PRODUCT_BUNDLE_IDENTIFIER = "UI.---Longest-Palindromic-SubstringUITests";
				PRODUCT_NAME = "$(TARGET_NAME)";
				SWIFT_VERSION = 5.0;
				TARGETED_DEVICE_FAMILY = "1,2";
				TEST_TARGET_NAME = "5. Longest Palindromic Substring";
			};
			name = Release;
		};
/* End XCBuildConfiguration section */

/* Begin XCConfigurationList section */
		B2582D0A23120E79003C4C0E /* Build configuration list for PBXProject "5. Longest Palindromic Substring" */ = {
			isa = XCConfigurationList;
			buildConfigurations = (
				B2582D3523120E7B003C4C0E /* Debug */,
				B2582D3623120E7B003C4C0E /* Release */,
			);
			defaultConfigurationIsVisible = 0;
			defaultConfigurationName = Release;
		};
		B2582D3723120E7B003C4C0E /* Build configuration list for PBXNativeTarget "5. Longest Palindromic Substring" */ = {
			isa = XCConfigurationList;
			buildConfigurations = (
				B2582D3823120E7B003C4C0E /* Debug */,
				B2582D3923120E7B003C4C0E /* Release */,
			);
			defaultConfigurationIsVisible = 0;
			defaultConfigurationName = Release;
		};
		B2582D3A23120E7B003C4C0E /* Build configuration list for PBXNativeTarget "5. Longest Palindromic SubstringTests" */ = {
			isa = XCConfigurationList;
			buildConfigurations = (
				B2582D3B23120E7B003C4C0E /* Debug */,
				B2582D3C23120E7B003C4C0E /* Release */,
			);
			defaultConfigurationIsVisible = 0;
			defaultConfigurationName = Release;
		};
		B2582D3D23120E7B003C4C0E /* Build configuration list for PBXNativeTarget "5. Longest Palindromic SubstringUITests" */ = {
			isa = XCConfigurationList;
			buildConfigurations = (
				B2582D3E23120E7B003C4C0E /* Debug */,
				B2582D3F23120E7B003C4C0E /* Release */,
			);
			defaultConfigurationIsVisible = 0;
			defaultConfigurationName = Release;
		};
/* End XCConfigurationList section */
	};
	rootObject = B2582D0723120E79003C4C0E /* Project object */;
}
